// !$*UTF8*$!
{
	archiveVersion = 1;
	classes = {
	};
	objectVersion = 56;
	objects = {

/* Begin PBXBuildFile section */
		BBA383152C99FCA100725349 /* FeedCache+TestHelpers.swift in Sources */ = {isa = PBXBuildFile; fileRef = BBA383142C99FCA100725349 /* FeedCache+TestHelpers.swift */; };
		BBA383172C9A0B5000725349 /* ValidateFeedCacheUseCaseTests.swift in Sources */ = {isa = PBXBuildFile; fileRef = BBA383162C9A0B5000725349 /* ValidateFeedCacheUseCaseTests.swift */; };
		BBA3831F2C9B6CDA00725349 /* FeedCachePolicy.swift in Sources */ = {isa = PBXBuildFile; fileRef = BBA3831E2C9B6CDA00725349 /* FeedCachePolicy.swift */; };
		BBB516F32C936D0C00A080BF /* CacheFeedUseCaseTests.swift in Sources */ = {isa = PBXBuildFile; fileRef = BBB516F22C936D0C00A080BF /* CacheFeedUseCaseTests.swift */; };
		BBB516F62C9381C200A080BF /* FeedStore.swift in Sources */ = {isa = PBXBuildFile; fileRef = BBB516F52C9381C200A080BF /* FeedStore.swift */; };
		BBB516F82C938EFB00A080BF /* LocalFeedLoader.swift in Sources */ = {isa = PBXBuildFile; fileRef = BBB516F72C938EFB00A080BF /* LocalFeedLoader.swift */; };
		BBB516FA2C94D37600A080BF /* RemoteFeedImage.swift in Sources */ = {isa = PBXBuildFile; fileRef = BBB516F92C94D37500A080BF /* RemoteFeedImage.swift */; };
		BBB516FC2C94D38900A080BF /* LocalFeedImage.swift in Sources */ = {isa = PBXBuildFile; fileRef = BBB516FB2C94D38900A080BF /* LocalFeedImage.swift */; };
		BBB517052C98CCF200A080BF /* LoadFromCacheUseCaseTests.swift in Sources */ = {isa = PBXBuildFile; fileRef = BBB517042C98CCF200A080BF /* LoadFromCacheUseCaseTests.swift */; };
		BBB517082C98CD7B00A080BF /* FeedStoreSpy.swift in Sources */ = {isa = PBXBuildFile; fileRef = BBB517072C98CD7B00A080BF /* FeedStoreSpy.swift */; };
		BBB5170A2C98CFEF00A080BF /* SharedTestHelpers.swift in Sources */ = {isa = PBXBuildFile; fileRef = BBB517092C98CFEF00A080BF /* SharedTestHelpers.swift */; };
		BBBEEF682C8F8F70000663ED /* XCTestCase+MemoryLeakTracking.swift in Sources */ = {isa = PBXBuildFile; fileRef = BBBEEF672C8F8F70000663ED /* XCTestCase+MemoryLeakTracking.swift */; };
		BBBEEF6A2C8FA213000663ED /* URLSessionHTTPClient.swift in Sources */ = {isa = PBXBuildFile; fileRef = BBBEEF692C8FA213000663ED /* URLSessionHTTPClient.swift */; };
		BBBEEF8E2C90BB08000663ED /* EssentialFeedAPIEndToEndTests.swift in Sources */ = {isa = PBXBuildFile; fileRef = BBBEEF8D2C90BB08000663ED /* EssentialFeedAPIEndToEndTests.swift */; };
		BBBEEF8F2C90BB08000663ED /* EssentialFeed.framework in Frameworks */ = {isa = PBXBuildFile; fileRef = BBDDD7342C8B90B200D6EF3F /* EssentialFeed.framework */; };
		BBBEEF952C90C3DD000663ED /* XCTestCase+MemoryLeakTracking.swift in Sources */ = {isa = PBXBuildFile; fileRef = BBBEEF672C8F8F70000663ED /* XCTestCase+MemoryLeakTracking.swift */; };
		BBC21F702C9ECA02005901E8 /* CodableFeedStoreTests.swift in Sources */ = {isa = PBXBuildFile; fileRef = BBC21F6F2C9ECA02005901E8 /* CodableFeedStoreTests.swift */; };
		BBC21F722C9EF79A005901E8 /* CodableFeedStore.swift in Sources */ = {isa = PBXBuildFile; fileRef = BBC21F712C9EF79A005901E8 /* CodableFeedStore.swift */; };
		BBC21F742C9F2B73005901E8 /* FeedStoreSpecs.swift in Sources */ = {isa = PBXBuildFile; fileRef = BBC21F732C9F2B73005901E8 /* FeedStoreSpecs.swift */; };
		BBC21F762C9F2C6E005901E8 /* XCTestCase+FeedStoreSpecs.swift in Sources */ = {isa = PBXBuildFile; fileRef = BBC21F752C9F2C6E005901E8 /* XCTestCase+FeedStoreSpecs.swift */; };
		BBC21F782C9F34E7005901E8 /* XCTestCase+FailableRetrieveFeedStoreSpecs.swift in Sources */ = {isa = PBXBuildFile; fileRef = BBC21F772C9F34E7005901E8 /* XCTestCase+FailableRetrieveFeedStoreSpecs.swift */; };
		BBC21F7A2C9F360E005901E8 /* XCTestCase+FailableInsertFeedStoreSpecs.swift in Sources */ = {isa = PBXBuildFile; fileRef = BBC21F792C9F360E005901E8 /* XCTestCase+FailableInsertFeedStoreSpecs.swift */; };
		BBC21F7C2C9F36EA005901E8 /* XCTestCase+FailableDeleteFeedStoreSpecs.swift in Sources */ = {isa = PBXBuildFile; fileRef = BBC21F7B2C9F36EA005901E8 /* XCTestCase+FailableDeleteFeedStoreSpecs.swift */; };
		BBDDD7432C8B90B200D6EF3F /* EssentialFeed.h in Headers */ = {isa = PBXBuildFile; fileRef = BBDDD7372C8B90B200D6EF3F /* EssentialFeed.h */; settings = {ATTRIBUTES = (Public, ); }; };
		BBDDD7532C8B91F000D6EF3F /* EssentialFeedTests.swift in Sources */ = {isa = PBXBuildFile; fileRef = BBDDD7522C8B91F000D6EF3F /* EssentialFeedTests.swift */; };
		BBDDD7542C8B91F000D6EF3F /* EssentialFeed.framework in Frameworks */ = {isa = PBXBuildFile; fileRef = BBDDD7342C8B90B200D6EF3F /* EssentialFeed.framework */; };
		BBDDD7902C8C90B400D6EF3F /* FeedLoader.swift in Sources */ = {isa = PBXBuildFile; fileRef = BBDDD78F2C8C90B400D6EF3F /* FeedLoader.swift */; };
		BBDDD7922C8C90D900D6EF3F /* FeedItem.swift in Sources */ = {isa = PBXBuildFile; fileRef = BBDDD7912C8C90D900D6EF3F /* FeedItem.swift */; };
		BBDDD7942C8C912400D6EF3F /* LoadFeedFromRemoteUseCaseTests.swift in Sources */ = {isa = PBXBuildFile; fileRef = BBDDD7932C8C912400D6EF3F /* LoadFeedFromRemoteUseCaseTests.swift */; };
		BBDDD7972C8CA59D00D6EF3F /* RemoteFeedLoader.swift in Sources */ = {isa = PBXBuildFile; fileRef = BBDDD7962C8CA59D00D6EF3F /* RemoteFeedLoader.swift */; };
		BBDDD7992C8CA5B000D6EF3F /* HTTPClient.swift in Sources */ = {isa = PBXBuildFile; fileRef = BBDDD7982C8CA5B000D6EF3F /* HTTPClient.swift */; };
		BBF11CE62C8F6E03009A97E2 /* URLSessionHTTPClientTests.swift in Sources */ = {isa = PBXBuildFile; fileRef = BBF11CE52C8F6E03009A97E2 /* URLSessionHTTPClientTests.swift */; };
		BBF35D7C2C8DD3F5006AEC65 /* RemoteFeedImagesMapper.swift in Sources */ = {isa = PBXBuildFile; fileRef = BBF35D7B2C8DD3F5006AEC65 /* RemoteFeedImagesMapper.swift */; };
/* End PBXBuildFile section */

/* Begin PBXContainerItemProxy section */
		BBBEEF902C90BB08000663ED /* PBXContainerItemProxy */ = {
			isa = PBXContainerItemProxy;
			containerPortal = BBDDD72B2C8B90B200D6EF3F /* Project object */;
			proxyType = 1;
			remoteGlobalIDString = BBDDD7332C8B90B200D6EF3F;
			remoteInfo = EssentialFeed;
		};
		BBDDD7552C8B91F000D6EF3F /* PBXContainerItemProxy */ = {
			isa = PBXContainerItemProxy;
			containerPortal = BBDDD72B2C8B90B200D6EF3F /* Project object */;
			proxyType = 1;
			remoteGlobalIDString = BBDDD7332C8B90B200D6EF3F;
			remoteInfo = EssentialFeed;
		};
/* End PBXContainerItemProxy section */

/* Begin PBXFileReference section */
		BBA383142C99FCA100725349 /* FeedCache+TestHelpers.swift */ = {isa = PBXFileReference; lastKnownFileType = sourcecode.swift; path = "FeedCache+TestHelpers.swift"; sourceTree = "<group>"; };
		BBA383162C9A0B5000725349 /* ValidateFeedCacheUseCaseTests.swift */ = {isa = PBXFileReference; lastKnownFileType = sourcecode.swift; path = ValidateFeedCacheUseCaseTests.swift; sourceTree = "<group>"; };
		BBA3831E2C9B6CDA00725349 /* FeedCachePolicy.swift */ = {isa = PBXFileReference; lastKnownFileType = sourcecode.swift; path = FeedCachePolicy.swift; sourceTree = "<group>"; };
		BBB516F22C936D0C00A080BF /* CacheFeedUseCaseTests.swift */ = {isa = PBXFileReference; lastKnownFileType = sourcecode.swift; path = CacheFeedUseCaseTests.swift; sourceTree = "<group>"; };
		BBB516F52C9381C200A080BF /* FeedStore.swift */ = {isa = PBXFileReference; lastKnownFileType = sourcecode.swift; path = FeedStore.swift; sourceTree = "<group>"; };
		BBB516F72C938EFB00A080BF /* LocalFeedLoader.swift */ = {isa = PBXFileReference; lastKnownFileType = sourcecode.swift; path = LocalFeedLoader.swift; sourceTree = "<group>"; };
		BBB516F92C94D37500A080BF /* RemoteFeedImage.swift */ = {isa = PBXFileReference; lastKnownFileType = sourcecode.swift; path = RemoteFeedImage.swift; sourceTree = "<group>"; };
		BBB516FB2C94D38900A080BF /* LocalFeedImage.swift */ = {isa = PBXFileReference; lastKnownFileType = sourcecode.swift; path = LocalFeedImage.swift; sourceTree = "<group>"; };
		BBB517042C98CCF200A080BF /* LoadFromCacheUseCaseTests.swift */ = {isa = PBXFileReference; lastKnownFileType = sourcecode.swift; path = LoadFromCacheUseCaseTests.swift; sourceTree = "<group>"; };
		BBB517072C98CD7B00A080BF /* FeedStoreSpy.swift */ = {isa = PBXFileReference; lastKnownFileType = sourcecode.swift; path = FeedStoreSpy.swift; sourceTree = "<group>"; };
		BBB517092C98CFEF00A080BF /* SharedTestHelpers.swift */ = {isa = PBXFileReference; lastKnownFileType = sourcecode.swift; path = SharedTestHelpers.swift; sourceTree = "<group>"; };
		BBBEEF672C8F8F70000663ED /* XCTestCase+MemoryLeakTracking.swift */ = {isa = PBXFileReference; lastKnownFileType = sourcecode.swift; path = "XCTestCase+MemoryLeakTracking.swift"; sourceTree = "<group>"; };
		BBBEEF692C8FA213000663ED /* URLSessionHTTPClient.swift */ = {isa = PBXFileReference; lastKnownFileType = sourcecode.swift; path = URLSessionHTTPClient.swift; sourceTree = "<group>"; };
		BBBEEF862C90B94C000663ED /* EssentialFeed.xctestplan */ = {isa = PBXFileReference; lastKnownFileType = text; path = EssentialFeed.xctestplan; sourceTree = "<group>"; };
		BBBEEF8B2C90BB08000663ED /* EssentialFeedAPIEndToEndTests.xctest */ = {isa = PBXFileReference; explicitFileType = wrapper.cfbundle; includeInIndex = 0; path = EssentialFeedAPIEndToEndTests.xctest; sourceTree = BUILT_PRODUCTS_DIR; };
		BBBEEF8D2C90BB08000663ED /* EssentialFeedAPIEndToEndTests.swift */ = {isa = PBXFileReference; lastKnownFileType = sourcecode.swift; path = EssentialFeedAPIEndToEndTests.swift; sourceTree = "<group>"; };
		BBBEEF962C90C46C000663ED /* CI.xctestplan */ = {isa = PBXFileReference; lastKnownFileType = text; path = CI.xctestplan; sourceTree = "<group>"; };
		BBBEEF972C90C4CA000663ED /* EssentialFeedAPIEndToEndTests.xctestplan */ = {isa = PBXFileReference; lastKnownFileType = text; path = EssentialFeedAPIEndToEndTests.xctestplan; sourceTree = "<group>"; };
		BBC21F6F2C9ECA02005901E8 /* CodableFeedStoreTests.swift */ = {isa = PBXFileReference; lastKnownFileType = sourcecode.swift; path = CodableFeedStoreTests.swift; sourceTree = "<group>"; };
		BBC21F712C9EF79A005901E8 /* CodableFeedStore.swift */ = {isa = PBXFileReference; lastKnownFileType = sourcecode.swift; path = CodableFeedStore.swift; sourceTree = "<group>"; };
		BBC21F732C9F2B73005901E8 /* FeedStoreSpecs.swift */ = {isa = PBXFileReference; lastKnownFileType = sourcecode.swift; path = FeedStoreSpecs.swift; sourceTree = "<group>"; };
		BBC21F752C9F2C6E005901E8 /* XCTestCase+FeedStoreSpecs.swift */ = {isa = PBXFileReference; lastKnownFileType = sourcecode.swift; path = "XCTestCase+FeedStoreSpecs.swift"; sourceTree = "<group>"; };
		BBC21F772C9F34E7005901E8 /* XCTestCase+FailableRetrieveFeedStoreSpecs.swift */ = {isa = PBXFileReference; lastKnownFileType = sourcecode.swift; path = "XCTestCase+FailableRetrieveFeedStoreSpecs.swift"; sourceTree = "<group>"; };
		BBC21F792C9F360E005901E8 /* XCTestCase+FailableInsertFeedStoreSpecs.swift */ = {isa = PBXFileReference; lastKnownFileType = sourcecode.swift; path = "XCTestCase+FailableInsertFeedStoreSpecs.swift"; sourceTree = "<group>"; };
		BBC21F7B2C9F36EA005901E8 /* XCTestCase+FailableDeleteFeedStoreSpecs.swift */ = {isa = PBXFileReference; lastKnownFileType = sourcecode.swift; path = "XCTestCase+FailableDeleteFeedStoreSpecs.swift"; sourceTree = "<group>"; };
		BBDDD7342C8B90B200D6EF3F /* EssentialFeed.framework */ = {isa = PBXFileReference; explicitFileType = wrapper.framework; includeInIndex = 0; path = EssentialFeed.framework; sourceTree = BUILT_PRODUCTS_DIR; };
		BBDDD7372C8B90B200D6EF3F /* EssentialFeed.h */ = {isa = PBXFileReference; lastKnownFileType = sourcecode.c.h; path = EssentialFeed.h; sourceTree = "<group>"; };
		BBDDD7502C8B91F000D6EF3F /* EssentialFeedTests.xctest */ = {isa = PBXFileReference; explicitFileType = wrapper.cfbundle; includeInIndex = 0; path = EssentialFeedTests.xctest; sourceTree = BUILT_PRODUCTS_DIR; };
		BBDDD7522C8B91F000D6EF3F /* EssentialFeedTests.swift */ = {isa = PBXFileReference; lastKnownFileType = sourcecode.swift; path = EssentialFeedTests.swift; sourceTree = "<group>"; };
		BBDDD78F2C8C90B400D6EF3F /* FeedLoader.swift */ = {isa = PBXFileReference; lastKnownFileType = sourcecode.swift; path = FeedLoader.swift; sourceTree = "<group>"; };
		BBDDD7912C8C90D900D6EF3F /* FeedItem.swift */ = {isa = PBXFileReference; lastKnownFileType = sourcecode.swift; path = FeedItem.swift; sourceTree = "<group>"; };
		BBDDD7932C8C912400D6EF3F /* LoadFeedFromRemoteUseCaseTests.swift */ = {isa = PBXFileReference; lastKnownFileType = sourcecode.swift; path = LoadFeedFromRemoteUseCaseTests.swift; sourceTree = "<group>"; };
		BBDDD7962C8CA59D00D6EF3F /* RemoteFeedLoader.swift */ = {isa = PBXFileReference; lastKnownFileType = sourcecode.swift; path = RemoteFeedLoader.swift; sourceTree = "<group>"; };
		BBDDD7982C8CA5B000D6EF3F /* HTTPClient.swift */ = {isa = PBXFileReference; lastKnownFileType = sourcecode.swift; path = HTTPClient.swift; sourceTree = "<group>"; };
		BBF11CE52C8F6E03009A97E2 /* URLSessionHTTPClientTests.swift */ = {isa = PBXFileReference; lastKnownFileType = sourcecode.swift; path = URLSessionHTTPClientTests.swift; sourceTree = "<group>"; };
		BBF35D7B2C8DD3F5006AEC65 /* RemoteFeedImagesMapper.swift */ = {isa = PBXFileReference; lastKnownFileType = sourcecode.swift; path = RemoteFeedImagesMapper.swift; sourceTree = "<group>"; };
/* End PBXFileReference section */

/* Begin PBXFrameworksBuildPhase section */
		BBBEEF882C90BB08000663ED /* Frameworks */ = {
			isa = PBXFrameworksBuildPhase;
			buildActionMask = 2147483647;
			files = (
				BBBEEF8F2C90BB08000663ED /* EssentialFeed.framework in Frameworks */,
			);
			runOnlyForDeploymentPostprocessing = 0;
		};
		BBDDD7312C8B90B200D6EF3F /* Frameworks */ = {
			isa = PBXFrameworksBuildPhase;
			buildActionMask = 2147483647;
			files = (
			);
			runOnlyForDeploymentPostprocessing = 0;
		};
		BBDDD74D2C8B91F000D6EF3F /* Frameworks */ = {
			isa = PBXFrameworksBuildPhase;
			buildActionMask = 2147483647;
			files = (
				BBDDD7542C8B91F000D6EF3F /* EssentialFeed.framework in Frameworks */,
			);
			runOnlyForDeploymentPostprocessing = 0;
		};
/* End PBXFrameworksBuildPhase section */

/* Begin PBXGroup section */
		BBB516F12C936CF600A080BF /* Feed Cache */ = {
			isa = PBXGroup;
			children = (
				BBC21F7D2C9F48F0005901E8 /* FeedStoreSpecs */,
				BBB517062C98CD7400A080BF /* Helpers */,
				BBB516F22C936D0C00A080BF /* CacheFeedUseCaseTests.swift */,
				BBB517042C98CCF200A080BF /* LoadFromCacheUseCaseTests.swift */,
				BBA383162C9A0B5000725349 /* ValidateFeedCacheUseCaseTests.swift */,
				BBC21F6F2C9ECA02005901E8 /* CodableFeedStoreTests.swift */,
			);
			path = "Feed Cache";
			sourceTree = "<group>";
		};
		BBB516F42C93819C00A080BF /* Feed Cache */ = {
			isa = PBXGroup;
			children = (
				BBB516F52C9381C200A080BF /* FeedStore.swift */,
				BBB516F72C938EFB00A080BF /* LocalFeedLoader.swift */,
				BBB516FB2C94D38900A080BF /* LocalFeedImage.swift */,
				BBA3831E2C9B6CDA00725349 /* FeedCachePolicy.swift */,
				BBC21F712C9EF79A005901E8 /* CodableFeedStore.swift */,
			);
			path = "Feed Cache";
			sourceTree = "<group>";
		};
		BBB517062C98CD7400A080BF /* Helpers */ = {
			isa = PBXGroup;
			children = (
				BBB517072C98CD7B00A080BF /* FeedStoreSpy.swift */,
				BBA383142C99FCA100725349 /* FeedCache+TestHelpers.swift */,
			);
			path = Helpers;
			sourceTree = "<group>";
		};
		BBBEEF642C8F8F12000663ED /* Helpers */ = {
			isa = PBXGroup;
			children = (
				BBBEEF672C8F8F70000663ED /* XCTestCase+MemoryLeakTracking.swift */,
				BBB517092C98CFEF00A080BF /* SharedTestHelpers.swift */,
			);
			path = Helpers;
			sourceTree = "<group>";
		};
		BBBEEF852C90B91A000663ED /* xctestplans */ = {
			isa = PBXGroup;
			children = (
				BBBEEF862C90B94C000663ED /* EssentialFeed.xctestplan */,
				BBBEEF972C90C4CA000663ED /* EssentialFeedAPIEndToEndTests.xctestplan */,
				BBBEEF962C90C46C000663ED /* CI.xctestplan */,
			);
			path = xctestplans;
			sourceTree = "<group>";
		};
		BBBEEF8C2C90BB08000663ED /* EssentialFeedAPIEndToEndTests */ = {
			isa = PBXGroup;
			children = (
				BBBEEF8D2C90BB08000663ED /* EssentialFeedAPIEndToEndTests.swift */,
			);
			path = EssentialFeedAPIEndToEndTests;
			sourceTree = "<group>";
		};
		BBC21F7D2C9F48F0005901E8 /* FeedStoreSpecs */ = {
			isa = PBXGroup;
			children = (
				BBC21F732C9F2B73005901E8 /* FeedStoreSpecs.swift */,
				BBC21F752C9F2C6E005901E8 /* XCTestCase+FeedStoreSpecs.swift */,
				BBC21F772C9F34E7005901E8 /* XCTestCase+FailableRetrieveFeedStoreSpecs.swift */,
				BBC21F792C9F360E005901E8 /* XCTestCase+FailableInsertFeedStoreSpecs.swift */,
				BBC21F7B2C9F36EA005901E8 /* XCTestCase+FailableDeleteFeedStoreSpecs.swift */,
			);
			path = FeedStoreSpecs;
			sourceTree = "<group>";
		};
		BBDDD72A2C8B90B200D6EF3F = {
			isa = PBXGroup;
			children = (
				BBBEEF852C90B91A000663ED /* xctestplans */,
				BBDDD7362C8B90B200D6EF3F /* EssentialFeed */,
				BBDDD7512C8B91F000D6EF3F /* EssentialFeedTests */,
				BBBEEF8C2C90BB08000663ED /* EssentialFeedAPIEndToEndTests */,
				BBDDD7352C8B90B200D6EF3F /* Products */,
			);
			sourceTree = "<group>";
		};
		BBDDD7352C8B90B200D6EF3F /* Products */ = {
			isa = PBXGroup;
			children = (
				BBDDD7342C8B90B200D6EF3F /* EssentialFeed.framework */,
				BBDDD7502C8B91F000D6EF3F /* EssentialFeedTests.xctest */,
				BBBEEF8B2C90BB08000663ED /* EssentialFeedAPIEndToEndTests.xctest */,
			);
			name = Products;
			sourceTree = "<group>";
		};
		BBDDD7362C8B90B200D6EF3F /* EssentialFeed */ = {
			isa = PBXGroup;
			children = (
				BBB516F42C93819C00A080BF /* Feed Cache */,
				BBDDD7952C8CA59500D6EF3F /* Feed API */,
				BBDDD78E2C8C90A700D6EF3F /* Feed Feature */,
				BBDDD7372C8B90B200D6EF3F /* EssentialFeed.h */,
			);
			path = EssentialFeed;
			sourceTree = "<group>";
		};
		BBDDD7512C8B91F000D6EF3F /* EssentialFeedTests */ = {
			isa = PBXGroup;
			children = (
				BBBEEF642C8F8F12000663ED /* Helpers */,
				BBB516F12C936CF600A080BF /* Feed Cache */,
				BBF35D9C2C8E3052006AEC65 /* Feed API */,
				BBDDD7522C8B91F000D6EF3F /* EssentialFeedTests.swift */,
			);
			path = EssentialFeedTests;
			sourceTree = "<group>";
		};
		BBDDD78E2C8C90A700D6EF3F /* Feed Feature */ = {
			isa = PBXGroup;
			children = (
				BBDDD7912C8C90D900D6EF3F /* FeedItem.swift */,
				BBDDD78F2C8C90B400D6EF3F /* FeedLoader.swift */,
			);
			path = "Feed Feature";
			sourceTree = "<group>";
		};
		BBDDD7952C8CA59500D6EF3F /* Feed API */ = {
			isa = PBXGroup;
			children = (
				BBF35D7B2C8DD3F5006AEC65 /* RemoteFeedImagesMapper.swift */,
				BBDDD7962C8CA59D00D6EF3F /* RemoteFeedLoader.swift */,
				BBDDD7982C8CA5B000D6EF3F /* HTTPClient.swift */,
				BBBEEF692C8FA213000663ED /* URLSessionHTTPClient.swift */,
				BBB516F92C94D37500A080BF /* RemoteFeedImage.swift */,
			);
			path = "Feed API";
			sourceTree = "<group>";
		};
		BBF35D9C2C8E3052006AEC65 /* Feed API */ = {
			isa = PBXGroup;
			children = (
				BBDDD7932C8C912400D6EF3F /* LoadFeedFromRemoteUseCaseTests.swift */,
				BBF11CE52C8F6E03009A97E2 /* URLSessionHTTPClientTests.swift */,
			);
			path = "Feed API";
			sourceTree = "<group>";
		};
/* End PBXGroup section */

/* Begin PBXHeadersBuildPhase section */
		BBDDD72F2C8B90B200D6EF3F /* Headers */ = {
			isa = PBXHeadersBuildPhase;
			buildActionMask = 2147483647;
			files = (
				BBDDD7432C8B90B200D6EF3F /* EssentialFeed.h in Headers */,
			);
			runOnlyForDeploymentPostprocessing = 0;
		};
/* End PBXHeadersBuildPhase section */

/* Begin PBXNativeTarget section */
		BBBEEF8A2C90BB08000663ED /* EssentialFeedAPIEndToEndTests */ = {
			isa = PBXNativeTarget;
			buildConfigurationList = BBBEEF922C90BB08000663ED /* Build configuration list for PBXNativeTarget "EssentialFeedAPIEndToEndTests" */;
			buildPhases = (
				BBBEEF872C90BB08000663ED /* Sources */,
				BBBEEF882C90BB08000663ED /* Frameworks */,
				BBBEEF892C90BB08000663ED /* Resources */,
			);
			buildRules = (
			);
			dependencies = (
				BBBEEF912C90BB08000663ED /* PBXTargetDependency */,
			);
			name = EssentialFeedAPIEndToEndTests;
			productName = EssentialFeedAPIEndToEndTests;
			productReference = BBBEEF8B2C90BB08000663ED /* EssentialFeedAPIEndToEndTests.xctest */;
			productType = "com.apple.product-type.bundle.unit-test";
		};
		BBDDD7332C8B90B200D6EF3F /* EssentialFeed */ = {
			isa = PBXNativeTarget;
			buildConfigurationList = BBDDD7462C8B90B200D6EF3F /* Build configuration list for PBXNativeTarget "EssentialFeed" */;
			buildPhases = (
				BBDDD75B2C8B933000D6EF3F /* .swiftlint */,
				BBDDD72F2C8B90B200D6EF3F /* Headers */,
				BBDDD7302C8B90B200D6EF3F /* Sources */,
				BBDDD7312C8B90B200D6EF3F /* Frameworks */,
				BBDDD7322C8B90B200D6EF3F /* Resources */,
			);
			buildRules = (
			);
			dependencies = (
			);
			name = EssentialFeed;
			productName = EssentialFeed;
			productReference = BBDDD7342C8B90B200D6EF3F /* EssentialFeed.framework */;
			productType = "com.apple.product-type.framework";
		};
		BBDDD74F2C8B91F000D6EF3F /* EssentialFeedTests */ = {
			isa = PBXNativeTarget;
			buildConfigurationList = BBDDD7572C8B91F000D6EF3F /* Build configuration list for PBXNativeTarget "EssentialFeedTests" */;
			buildPhases = (
				BBDDD74C2C8B91F000D6EF3F /* Sources */,
				BBDDD74D2C8B91F000D6EF3F /* Frameworks */,
				BBDDD74E2C8B91F000D6EF3F /* Resources */,
			);
			buildRules = (
			);
			dependencies = (
				BBDDD7562C8B91F000D6EF3F /* PBXTargetDependency */,
			);
			name = EssentialFeedTests;
			productName = EssentialFeedTests;
			productReference = BBDDD7502C8B91F000D6EF3F /* EssentialFeedTests.xctest */;
			productType = "com.apple.product-type.bundle.unit-test";
		};
/* End PBXNativeTarget section */

/* Begin PBXProject section */
		BBDDD72B2C8B90B200D6EF3F /* Project object */ = {
			isa = PBXProject;
			attributes = {
				BuildIndependentTargetsInParallel = 1;
				LastSwiftUpdateCheck = 1530;
				LastUpgradeCheck = 1530;
				TargetAttributes = {
					BBBEEF8A2C90BB08000663ED = {
						CreatedOnToolsVersion = 15.3;
					};
					BBDDD7332C8B90B200D6EF3F = {
						CreatedOnToolsVersion = 15.3;
						LastSwiftMigration = 1530;
					};
					BBDDD74F2C8B91F000D6EF3F = {
						CreatedOnToolsVersion = 15.3;
					};
				};
			};
			buildConfigurationList = BBDDD72E2C8B90B200D6EF3F /* Build configuration list for PBXProject "EssentialFeed" */;
			compatibilityVersion = "Xcode 14.0";
			developmentRegion = en;
			hasScannedForEncodings = 0;
			knownRegions = (
				en,
				Base,
			);
			mainGroup = BBDDD72A2C8B90B200D6EF3F;
			productRefGroup = BBDDD7352C8B90B200D6EF3F /* Products */;
			projectDirPath = "";
			projectRoot = "";
			targets = (
				BBDDD7332C8B90B200D6EF3F /* EssentialFeed */,
				BBDDD74F2C8B91F000D6EF3F /* EssentialFeedTests */,
				BBBEEF8A2C90BB08000663ED /* EssentialFeedAPIEndToEndTests */,
			);
		};
/* End PBXProject section */

/* Begin PBXResourcesBuildPhase section */
		BBBEEF892C90BB08000663ED /* Resources */ = {
			isa = PBXResourcesBuildPhase;
			buildActionMask = 2147483647;
			files = (
			);
			runOnlyForDeploymentPostprocessing = 0;
		};
		BBDDD7322C8B90B200D6EF3F /* Resources */ = {
			isa = PBXResourcesBuildPhase;
			buildActionMask = 2147483647;
			files = (
			);
			runOnlyForDeploymentPostprocessing = 0;
		};
		BBDDD74E2C8B91F000D6EF3F /* Resources */ = {
			isa = PBXResourcesBuildPhase;
			buildActionMask = 2147483647;
			files = (
			);
			runOnlyForDeploymentPostprocessing = 0;
		};
/* End PBXResourcesBuildPhase section */

/* Begin PBXShellScriptBuildPhase section */
		BBDDD75B2C8B933000D6EF3F /* .swiftlint */ = {
			isa = PBXShellScriptBuildPhase;
			alwaysOutOfDate = 1;
			buildActionMask = 2147483647;
			files = (
			);
			inputFileListPaths = (
			);
			inputPaths = (
			);
			name = .swiftlint;
			outputFileListPaths = (
			);
			outputPaths = (
			);
			runOnlyForDeploymentPostprocessing = 0;
			shellPath = /bin/sh;
			shellScript = "export PATH=\"$PATH:/opt/homebrew/bin\"\n\nif which swiftlint >/dev/null; then\n  swiftlint autocorrect --format\nelse\n  echo \"warning: SwiftLint not installed, download from https://github.com/realm/SwiftLint\"\nfi\n";
		};
/* End PBXShellScriptBuildPhase section */

/* Begin PBXSourcesBuildPhase section */
		BBBEEF872C90BB08000663ED /* Sources */ = {
			isa = PBXSourcesBuildPhase;
			buildActionMask = 2147483647;
			files = (
				BBBEEF8E2C90BB08000663ED /* EssentialFeedAPIEndToEndTests.swift in Sources */,
				BBBEEF952C90C3DD000663ED /* XCTestCase+MemoryLeakTracking.swift in Sources */,
			);
			runOnlyForDeploymentPostprocessing = 0;
		};
		BBDDD7302C8B90B200D6EF3F /* Sources */ = {
			isa = PBXSourcesBuildPhase;
			buildActionMask = 2147483647;
			files = (
				BBF35D7C2C8DD3F5006AEC65 /* RemoteFeedImagesMapper.swift in Sources */,
				BBDDD7922C8C90D900D6EF3F /* FeedItem.swift in Sources */,
				BBB516FA2C94D37600A080BF /* RemoteFeedImage.swift in Sources */,
				BBA3831F2C9B6CDA00725349 /* FeedCachePolicy.swift in Sources */,
				BBDDD7972C8CA59D00D6EF3F /* RemoteFeedLoader.swift in Sources */,
				BBB516FC2C94D38900A080BF /* LocalFeedImage.swift in Sources */,
				BBDDD7992C8CA5B000D6EF3F /* HTTPClient.swift in Sources */,
				BBB516F62C9381C200A080BF /* FeedStore.swift in Sources */,
				BBC21F722C9EF79A005901E8 /* CodableFeedStore.swift in Sources */,
				BBDDD7902C8C90B400D6EF3F /* FeedLoader.swift in Sources */,
				BBB516F82C938EFB00A080BF /* LocalFeedLoader.swift in Sources */,
				BBBEEF6A2C8FA213000663ED /* URLSessionHTTPClient.swift in Sources */,
			);
			runOnlyForDeploymentPostprocessing = 0;
		};
		BBDDD74C2C8B91F000D6EF3F /* Sources */ = {
			isa = PBXSourcesBuildPhase;
			buildActionMask = 2147483647;
			files = (
				BBC21F762C9F2C6E005901E8 /* XCTestCase+FeedStoreSpecs.swift in Sources */,
				BBC21F702C9ECA02005901E8 /* CodableFeedStoreTests.swift in Sources */,
				BBA383172C9A0B5000725349 /* ValidateFeedCacheUseCaseTests.swift in Sources */,
				BBC21F782C9F34E7005901E8 /* XCTestCase+FailableRetrieveFeedStoreSpecs.swift in Sources */,
				BBDDD7942C8C912400D6EF3F /* LoadFeedFromRemoteUseCaseTests.swift in Sources */,
				BBF11CE62C8F6E03009A97E2 /* URLSessionHTTPClientTests.swift in Sources */,
				BBDDD7532C8B91F000D6EF3F /* EssentialFeedTests.swift in Sources */,
				BBB516F32C936D0C00A080BF /* CacheFeedUseCaseTests.swift in Sources */,
				BBB517082C98CD7B00A080BF /* FeedStoreSpy.swift in Sources */,
				BBA383152C99FCA100725349 /* FeedCache+TestHelpers.swift in Sources */,
				BBB517052C98CCF200A080BF /* LoadFromCacheUseCaseTests.swift in Sources */,
				BBBEEF682C8F8F70000663ED /* XCTestCase+MemoryLeakTracking.swift in Sources */,
				BBC21F7C2C9F36EA005901E8 /* XCTestCase+FailableDeleteFeedStoreSpecs.swift in Sources */,
				BBC21F742C9F2B73005901E8 /* FeedStoreSpecs.swift in Sources */,
				BBB5170A2C98CFEF00A080BF /* SharedTestHelpers.swift in Sources */,
				BBC21F7A2C9F360E005901E8 /* XCTestCase+FailableInsertFeedStoreSpecs.swift in Sources */,
			);
			runOnlyForDeploymentPostprocessing = 0;
		};
/* End PBXSourcesBuildPhase section */

/* Begin PBXTargetDependency section */
		BBBEEF912C90BB08000663ED /* PBXTargetDependency */ = {
			isa = PBXTargetDependency;
			target = BBDDD7332C8B90B200D6EF3F /* EssentialFeed */;
			targetProxy = BBBEEF902C90BB08000663ED /* PBXContainerItemProxy */;
		};
		BBDDD7562C8B91F000D6EF3F /* PBXTargetDependency */ = {
			isa = PBXTargetDependency;
			target = BBDDD7332C8B90B200D6EF3F /* EssentialFeed */;
			targetProxy = BBDDD7552C8B91F000D6EF3F /* PBXContainerItemProxy */;
		};
/* End PBXTargetDependency section */

/* Begin XCBuildConfiguration section */
		BBBEEF932C90BB08000663ED /* Debug */ = {
			isa = XCBuildConfiguration;
			buildSettings = {
				CODE_SIGN_STYLE = Automatic;
				CURRENT_PROJECT_VERSION = 1;
				DEVELOPMENT_TEAM = KN3UG3D7KC;
				ENABLE_USER_SCRIPT_SANDBOXING = YES;
				GENERATE_INFOPLIST_FILE = YES;
				MACOSX_DEPLOYMENT_TARGET = 14.1;
				MARKETING_VERSION = 1.0;
				PRODUCT_BUNDLE_IDENTIFIER = EssentialDeveloper.MentoringSession.EssentialFeedAPIEndToEndTests;
				PRODUCT_NAME = "$(TARGET_NAME)";
				SWIFT_EMIT_LOC_STRINGS = NO;
				SWIFT_VERSION = 5.0;
			};
			name = Debug;
		};
		BBBEEF942C90BB08000663ED /* Release */ = {
			isa = XCBuildConfiguration;
			buildSettings = {
				CODE_SIGN_STYLE = Automatic;
				CURRENT_PROJECT_VERSION = 1;
				DEVELOPMENT_TEAM = KN3UG3D7KC;
				ENABLE_USER_SCRIPT_SANDBOXING = YES;
				GENERATE_INFOPLIST_FILE = YES;
				MACOSX_DEPLOYMENT_TARGET = 14.1;
				MARKETING_VERSION = 1.0;
				PRODUCT_BUNDLE_IDENTIFIER = EssentialDeveloper.MentoringSession.EssentialFeedAPIEndToEndTests;
				PRODUCT_NAME = "$(TARGET_NAME)";
				SWIFT_EMIT_LOC_STRINGS = NO;
				SWIFT_VERSION = 5.0;
			};
			name = Release;
		};
		BBDDD7442C8B90B200D6EF3F /* Debug */ = {
			isa = XCBuildConfiguration;
			buildSettings = {
				ALWAYS_SEARCH_USER_PATHS = NO;
				ASSETCATALOG_COMPILER_GENERATE_SWIFT_ASSET_SYMBOL_EXTENSIONS = YES;
				CLANG_ANALYZER_NONNULL = YES;
				CLANG_ANALYZER_NUMBER_OBJECT_CONVERSION = YES_AGGRESSIVE;
				CLANG_CXX_LANGUAGE_STANDARD = "gnu++20";
				CLANG_ENABLE_MODULES = YES;
				CLANG_ENABLE_OBJC_ARC = YES;
				CLANG_ENABLE_OBJC_WEAK = YES;
				CLANG_WARN_BLOCK_CAPTURE_AUTORELEASING = YES;
				CLANG_WARN_BOOL_CONVERSION = YES;
				CLANG_WARN_COMMA = YES;
				CLANG_WARN_CONSTANT_CONVERSION = YES;
				CLANG_WARN_DEPRECATED_OBJC_IMPLEMENTATIONS = YES;
				CLANG_WARN_DIRECT_OBJC_ISA_USAGE = YES_ERROR;
				CLANG_WARN_DOCUMENTATION_COMMENTS = YES;
				CLANG_WARN_EMPTY_BODY = YES;
				CLANG_WARN_ENUM_CONVERSION = YES;
				CLANG_WARN_INFINITE_RECURSION = YES;
				CLANG_WARN_INT_CONVERSION = YES;
				CLANG_WARN_NON_LITERAL_NULL_CONVERSION = YES;
				CLANG_WARN_OBJC_IMPLICIT_RETAIN_SELF = YES;
				CLANG_WARN_OBJC_LITERAL_CONVERSION = YES;
				CLANG_WARN_OBJC_ROOT_CLASS = YES_ERROR;
				CLANG_WARN_QUOTED_INCLUDE_IN_FRAMEWORK_HEADER = YES;
				CLANG_WARN_RANGE_LOOP_ANALYSIS = YES;
				CLANG_WARN_STRICT_PROTOTYPES = YES;
				CLANG_WARN_SUSPICIOUS_MOVE = YES;
				CLANG_WARN_UNGUARDED_AVAILABILITY = YES_AGGRESSIVE;
				CLANG_WARN_UNREACHABLE_CODE = YES;
				CLANG_WARN__DUPLICATE_METHOD_MATCH = YES;
				COPY_PHASE_STRIP = NO;
				CURRENT_PROJECT_VERSION = 1;
				DEBUG_INFORMATION_FORMAT = dwarf;
				ENABLE_STRICT_OBJC_MSGSEND = YES;
				ENABLE_TESTABILITY = YES;
				ENABLE_USER_SCRIPT_SANDBOXING = NO;
				GCC_C_LANGUAGE_STANDARD = gnu17;
				GCC_DYNAMIC_NO_PIC = NO;
				GCC_NO_COMMON_BLOCKS = YES;
				GCC_OPTIMIZATION_LEVEL = 0;
				GCC_PREPROCESSOR_DEFINITIONS = (
					"DEBUG=1",
					"$(inherited)",
				);
				GCC_WARN_64_TO_32_BIT_CONVERSION = YES;
				GCC_WARN_ABOUT_RETURN_TYPE = YES_ERROR;
				GCC_WARN_UNDECLARED_SELECTOR = YES;
				GCC_WARN_UNINITIALIZED_AUTOS = YES_AGGRESSIVE;
				GCC_WARN_UNUSED_FUNCTION = YES;
				GCC_WARN_UNUSED_VARIABLE = YES;
				LOCALIZATION_PREFERS_STRING_CATALOGS = YES;
				MACOSX_DEPLOYMENT_TARGET = 14.4;
				MTL_ENABLE_DEBUG_INFO = INCLUDE_SOURCE;
				MTL_FAST_MATH = YES;
				ONLY_ACTIVE_ARCH = YES;
				SDKROOT = macosx;
				SWIFT_ACTIVE_COMPILATION_CONDITIONS = "DEBUG $(inherited)";
				SWIFT_OPTIMIZATION_LEVEL = "-Onone";
				VERSIONING_SYSTEM = "apple-generic";
				VERSION_INFO_PREFIX = "";
			};
			name = Debug;
		};
		BBDDD7452C8B90B200D6EF3F /* Release */ = {
			isa = XCBuildConfiguration;
			buildSettings = {
				ALWAYS_SEARCH_USER_PATHS = NO;
				ASSETCATALOG_COMPILER_GENERATE_SWIFT_ASSET_SYMBOL_EXTENSIONS = YES;
				CLANG_ANALYZER_NONNULL = YES;
				CLANG_ANALYZER_NUMBER_OBJECT_CONVERSION = YES_AGGRESSIVE;
				CLANG_CXX_LANGUAGE_STANDARD = "gnu++20";
				CLANG_ENABLE_MODULES = YES;
				CLANG_ENABLE_OBJC_ARC = YES;
				CLANG_ENABLE_OBJC_WEAK = YES;
				CLANG_WARN_BLOCK_CAPTURE_AUTORELEASING = YES;
				CLANG_WARN_BOOL_CONVERSION = YES;
				CLANG_WARN_COMMA = YES;
				CLANG_WARN_CONSTANT_CONVERSION = YES;
				CLANG_WARN_DEPRECATED_OBJC_IMPLEMENTATIONS = YES;
				CLANG_WARN_DIRECT_OBJC_ISA_USAGE = YES_ERROR;
				CLANG_WARN_DOCUMENTATION_COMMENTS = YES;
				CLANG_WARN_EMPTY_BODY = YES;
				CLANG_WARN_ENUM_CONVERSION = YES;
				CLANG_WARN_INFINITE_RECURSION = YES;
				CLANG_WARN_INT_CONVERSION = YES;
				CLANG_WARN_NON_LITERAL_NULL_CONVERSION = YES;
				CLANG_WARN_OBJC_IMPLICIT_RETAIN_SELF = YES;
				CLANG_WARN_OBJC_LITERAL_CONVERSION = YES;
				CLANG_WARN_OBJC_ROOT_CLASS = YES_ERROR;
				CLANG_WARN_QUOTED_INCLUDE_IN_FRAMEWORK_HEADER = YES;
				CLANG_WARN_RANGE_LOOP_ANALYSIS = YES;
				CLANG_WARN_STRICT_PROTOTYPES = YES;
				CLANG_WARN_SUSPICIOUS_MOVE = YES;
				CLANG_WARN_UNGUARDED_AVAILABILITY = YES_AGGRESSIVE;
				CLANG_WARN_UNREACHABLE_CODE = YES;
				CLANG_WARN__DUPLICATE_METHOD_MATCH = YES;
				COPY_PHASE_STRIP = NO;
				CURRENT_PROJECT_VERSION = 1;
				DEBUG_INFORMATION_FORMAT = "dwarf-with-dsym";
				ENABLE_NS_ASSERTIONS = NO;
				ENABLE_STRICT_OBJC_MSGSEND = YES;
				ENABLE_USER_SCRIPT_SANDBOXING = NO;
				GCC_C_LANGUAGE_STANDARD = gnu17;
				GCC_NO_COMMON_BLOCKS = YES;
				GCC_WARN_64_TO_32_BIT_CONVERSION = YES;
				GCC_WARN_ABOUT_RETURN_TYPE = YES_ERROR;
				GCC_WARN_UNDECLARED_SELECTOR = YES;
				GCC_WARN_UNINITIALIZED_AUTOS = YES_AGGRESSIVE;
				GCC_WARN_UNUSED_FUNCTION = YES;
				GCC_WARN_UNUSED_VARIABLE = YES;
				LOCALIZATION_PREFERS_STRING_CATALOGS = YES;
				MACOSX_DEPLOYMENT_TARGET = 14.4;
				MTL_ENABLE_DEBUG_INFO = NO;
				MTL_FAST_MATH = YES;
				SDKROOT = macosx;
				SWIFT_COMPILATION_MODE = wholemodule;
				VERSIONING_SYSTEM = "apple-generic";
				VERSION_INFO_PREFIX = "";
			};
			name = Release;
		};
		BBDDD7472C8B90B200D6EF3F /* Debug */ = {
			isa = XCBuildConfiguration;
			buildSettings = {
				BUILD_LIBRARY_FOR_DISTRIBUTION = YES;
				CLANG_ENABLE_MODULES = YES;
				CODE_SIGN_STYLE = Automatic;
				COMBINE_HIDPI_IMAGES = YES;
				CURRENT_PROJECT_VERSION = 1;
				DEFINES_MODULE = YES;
				DEVELOPMENT_TEAM = KN3UG3D7KC;
				DYLIB_COMPATIBILITY_VERSION = 1;
				DYLIB_CURRENT_VERSION = 1;
				DYLIB_INSTALL_NAME_BASE = "@rpath";
				ENABLE_MODULE_VERIFIER = YES;
				ENABLE_USER_SCRIPT_SANDBOXING = NO;
				GENERATE_INFOPLIST_FILE = YES;
				INFOPLIST_KEY_NSHumanReadableCopyright = "";
				INSTALL_PATH = "$(LOCAL_LIBRARY_DIR)/Frameworks";
				LD_RUNPATH_SEARCH_PATHS = (
					"$(inherited)",
					"@executable_path/../Frameworks",
					"@loader_path/Frameworks",
				);
				MACOSX_DEPLOYMENT_TARGET = 14.0;
				MARKETING_VERSION = 1.0;
				MODULE_VERIFIER_SUPPORTED_LANGUAGES = "objective-c objective-c++";
				MODULE_VERIFIER_SUPPORTED_LANGUAGE_STANDARDS = "gnu17 gnu++20";
				PRODUCT_BUNDLE_IDENTIFIER = EssentialProject.Rerun1.EssentialFeed;
				PRODUCT_NAME = "$(TARGET_NAME:c99extidentifier)";
				SKIP_INSTALL = YES;
				SWIFT_EMIT_LOC_STRINGS = YES;
				SWIFT_INSTALL_OBJC_HEADER = NO;
				SWIFT_OPTIMIZATION_LEVEL = "-Onone";
				SWIFT_VERSION = 5.0;
			};
			name = Debug;
		};
		BBDDD7482C8B90B200D6EF3F /* Release */ = {
			isa = XCBuildConfiguration;
			buildSettings = {
				BUILD_LIBRARY_FOR_DISTRIBUTION = YES;
				CLANG_ENABLE_MODULES = YES;
				CODE_SIGN_STYLE = Automatic;
				COMBINE_HIDPI_IMAGES = YES;
				CURRENT_PROJECT_VERSION = 1;
				DEFINES_MODULE = YES;
				DEVELOPMENT_TEAM = KN3UG3D7KC;
				DYLIB_COMPATIBILITY_VERSION = 1;
				DYLIB_CURRENT_VERSION = 1;
				DYLIB_INSTALL_NAME_BASE = "@rpath";
				ENABLE_MODULE_VERIFIER = YES;
				ENABLE_USER_SCRIPT_SANDBOXING = NO;
				GENERATE_INFOPLIST_FILE = YES;
				INFOPLIST_KEY_NSHumanReadableCopyright = "";
				INSTALL_PATH = "$(LOCAL_LIBRARY_DIR)/Frameworks";
				LD_RUNPATH_SEARCH_PATHS = (
					"$(inherited)",
					"@executable_path/../Frameworks",
					"@loader_path/Frameworks",
				);
				MACOSX_DEPLOYMENT_TARGET = 14.0;
				MARKETING_VERSION = 1.0;
				MODULE_VERIFIER_SUPPORTED_LANGUAGES = "objective-c objective-c++";
				MODULE_VERIFIER_SUPPORTED_LANGUAGE_STANDARDS = "gnu17 gnu++20";
				PRODUCT_BUNDLE_IDENTIFIER = EssentialProject.Rerun1.EssentialFeed;
				PRODUCT_NAME = "$(TARGET_NAME:c99extidentifier)";
				SKIP_INSTALL = YES;
				SWIFT_EMIT_LOC_STRINGS = YES;
				SWIFT_INSTALL_OBJC_HEADER = NO;
				SWIFT_VERSION = 5.0;
			};
			name = Release;
		};
		BBDDD7582C8B91F000D6EF3F /* Debug */ = {
			isa = XCBuildConfiguration;
			buildSettings = {
				ALWAYS_EMBED_SWIFT_STANDARD_LIBRARIES = YES;
				CODE_SIGN_STYLE = Automatic;
				CURRENT_PROJECT_VERSION = 1;
				DEVELOPMENT_TEAM = KN3UG3D7KC;
				ENABLE_USER_SCRIPT_SANDBOXING = NO;
				GENERATE_INFOPLIST_FILE = YES;
				MACOSX_DEPLOYMENT_TARGET = 14.0;
				MARKETING_VERSION = 1.0;
				PRODUCT_BUNDLE_IDENTIFIER = EssentialProject.Rerun1.EssentialFeedTests;
				PRODUCT_NAME = "$(TARGET_NAME)";
				SWIFT_EMIT_LOC_STRINGS = NO;
				SWIFT_VERSION = 5.0;
			};
			name = Debug;
		};
		BBDDD7592C8B91F000D6EF3F /* Release */ = {
			isa = XCBuildConfiguration;
			buildSettings = {
				ALWAYS_EMBED_SWIFT_STANDARD_LIBRARIES = YES;
				CODE_SIGN_STYLE = Automatic;
				CURRENT_PROJECT_VERSION = 1;
				DEVELOPMENT_TEAM = KN3UG3D7KC;
				ENABLE_USER_SCRIPT_SANDBOXING = NO;
				GENERATE_INFOPLIST_FILE = YES;
				MACOSX_DEPLOYMENT_TARGET = 14.0;
				MARKETING_VERSION = 1.0;
				PRODUCT_BUNDLE_IDENTIFIER = EssentialProject.Rerun1.EssentialFeedTests;
				PRODUCT_NAME = "$(TARGET_NAME)";
				SWIFT_EMIT_LOC_STRINGS = NO;
				SWIFT_VERSION = 5.0;
			};
			name = Release;
		};
/* End XCBuildConfiguration section */

/* Begin XCConfigurationList section */
		BBBEEF922C90BB08000663ED /* Build configuration list for PBXNativeTarget "EssentialFeedAPIEndToEndTests" */ = {
			isa = XCConfigurationList;
			buildConfigurations = (
				BBBEEF932C90BB08000663ED /* Debug */,
				BBBEEF942C90BB08000663ED /* Release */,
			);
			defaultConfigurationIsVisible = 0;
			defaultConfigurationName = Release;
		};
		BBDDD72E2C8B90B200D6EF3F /* Build configuration list for PBXProject "EssentialFeed" */ = {
			isa = XCConfigurationList;
			buildConfigurations = (
				BBDDD7442C8B90B200D6EF3F /* Debug */,
				BBDDD7452C8B90B200D6EF3F /* Release */,
			);
			defaultConfigurationIsVisible = 0;
			defaultConfigurationName = Release;
		};
		BBDDD7462C8B90B200D6EF3F /* Build configuration list for PBXNativeTarget "EssentialFeed" */ = {
			isa = XCConfigurationList;
			buildConfigurations = (
				BBDDD7472C8B90B200D6EF3F /* Debug */,
				BBDDD7482C8B90B200D6EF3F /* Release */,
			);
			defaultConfigurationIsVisible = 0;
			defaultConfigurationName = Release;
		};
		BBDDD7572C8B91F000D6EF3F /* Build configuration list for PBXNativeTarget "EssentialFeedTests" */ = {
			isa = XCConfigurationList;
			buildConfigurations = (
				BBDDD7582C8B91F000D6EF3F /* Debug */,
				BBDDD7592C8B91F000D6EF3F /* Release */,
			);
			defaultConfigurationIsVisible = 0;
			defaultConfigurationName = Release;
		};
/* End XCConfigurationList section */
	};
	rootObject = BBDDD72B2C8B90B200D6EF3F /* Project object */;
}
