// !$*UTF8*$!
{
	archiveVersion = 1;
	classes = {
	};
	objectVersion = 56;
	objects = {

/* Begin PBXBuildFile section */
		BB2748802CC3036200CCA574 /* CoreDataFeedImageDataStoreTests.swift in Sources */ = {isa = PBXBuildFile; fileRef = BB27487F2CC3036200CCA574 /* CoreDataFeedImageDataStoreTests.swift */; };
		BB37E2AA2CC442A600A25B8D /* FeedCache.swift in Sources */ = {isa = PBXBuildFile; fileRef = BB37E2A92CC442A600A25B8D /* FeedCache.swift */; };
		BB37E2E52CC4545000A25B8D /* FeedImageDataCache.swift in Sources */ = {isa = PBXBuildFile; fileRef = BB37E2E42CC4545000A25B8D /* FeedImageDataCache.swift */; };
		BB3F81F62CC19AAE00BC2F05 /* LocalFeedImageDataLoader.swift in Sources */ = {isa = PBXBuildFile; fileRef = BB3F81F52CC19AAE00BC2F05 /* LocalFeedImageDataLoader.swift */; };
		BB3F81F82CC19AD200BC2F05 /* FeedImageDataStore.swift in Sources */ = {isa = PBXBuildFile; fileRef = BB3F81F72CC19AD200BC2F05 /* FeedImageDataStore.swift */; };
		BB3F81FA2CC1A10B00BC2F05 /* FeedImageDataStoreSpy.swift in Sources */ = {isa = PBXBuildFile; fileRef = BB3F81F92CC1A10B00BC2F05 /* FeedImageDataStoreSpy.swift */; };
		BB3F81FC2CC1A1D700BC2F05 /* CacheFeedImageDataUseCaseTests.swift in Sources */ = {isa = PBXBuildFile; fileRef = BB3F81FB2CC1A1D700BC2F05 /* CacheFeedImageDataUseCaseTests.swift */; };
		BB5250DB2CBEEE1F00FFBBBA /* HTTPClientSpy.swift in Sources */ = {isa = PBXBuildFile; fileRef = BB5250DA2CBEEE1F00FFBBBA /* HTTPClientSpy.swift */; };
		BB5250DD2CBEEEA800FFBBBA /* RemoteFeedImageDataLoader.swift in Sources */ = {isa = PBXBuildFile; fileRef = BB5250DC2CBEEEA800FFBBBA /* RemoteFeedImageDataLoader.swift */; };
		BB59C0B92CB6F931000DBC0F /* FeedPresenterTests.swift in Sources */ = {isa = PBXBuildFile; fileRef = BB59C0B82CB6F931000DBC0F /* FeedPresenterTests.swift */; };
		BB59C0C12CB70BF0000DBC0F /* FeedPresenter.swift in Sources */ = {isa = PBXBuildFile; fileRef = BB59C0C02CB70BF0000DBC0F /* FeedPresenter.swift */; };
		BB59C0C32CB70C06000DBC0F /* FeedView.swift in Sources */ = {isa = PBXBuildFile; fileRef = BB59C0C22CB70C06000DBC0F /* FeedView.swift */; };
		BB59C0C52CB70C24000DBC0F /* FeedViewMode.swift in Sources */ = {isa = PBXBuildFile; fileRef = BB59C0C42CB70C24000DBC0F /* FeedViewMode.swift */; };
		BB59C0C72CB70C36000DBC0F /* FeedLoadingView.swift in Sources */ = {isa = PBXBuildFile; fileRef = BB59C0C62CB70C36000DBC0F /* FeedLoadingView.swift */; };
		BB59C0C92CB70C42000DBC0F /* FeedLoadingViewModel.swift in Sources */ = {isa = PBXBuildFile; fileRef = BB59C0C82CB70C42000DBC0F /* FeedLoadingViewModel.swift */; };
		BB59C0CB2CB70C4E000DBC0F /* FeedErrorView.swift in Sources */ = {isa = PBXBuildFile; fileRef = BB59C0CA2CB70C4E000DBC0F /* FeedErrorView.swift */; };
		BB59C0CD2CB70C59000DBC0F /* FeedErrorViewModel.swift in Sources */ = {isa = PBXBuildFile; fileRef = BB59C0CC2CB70C59000DBC0F /* FeedErrorViewModel.swift */; };
		BB59C0CE2CB70CFC000DBC0F /* Feed.strings in Resources */ = {isa = PBXBuildFile; fileRef = BB59C0BA2CB709B1000DBC0F /* Feed.strings */; };
		BB59C0CF2CB70E12000DBC0F /* FeedLocalizationTests.swift in Sources */ = {isa = PBXBuildFile; fileRef = BB9320942CB19AA600CFB232 /* FeedLocalizationTests.swift */; };
		BB59C0D12CB714B7000DBC0F /* FeedImagePresenterTests.swift in Sources */ = {isa = PBXBuildFile; fileRef = BB59C0D02CB714B7000DBC0F /* FeedImagePresenterTests.swift */; };
		BB59C0D32CB721E0000DBC0F /* FeedImagePresenter.swift in Sources */ = {isa = PBXBuildFile; fileRef = BB59C0D22CB721E0000DBC0F /* FeedImagePresenter.swift */; };
		BB59C0D52CB72214000DBC0F /* FeedImageLoadingView.swift in Sources */ = {isa = PBXBuildFile; fileRef = BB59C0D42CB72214000DBC0F /* FeedImageLoadingView.swift */; };
		BB59C0D72CB72221000DBC0F /* FeedImageLoadingViewModel.swift in Sources */ = {isa = PBXBuildFile; fileRef = BB59C0D62CB72221000DBC0F /* FeedImageLoadingViewModel.swift */; };
		BB745FCE2CB854220032D014 /* FeedImageDataLoader.swift in Sources */ = {isa = PBXBuildFile; fileRef = BBB96B902CA82FB700EB20C0 /* FeedImageDataLoader.swift */; };
		BB745FD22CB869080032D014 /* LoadFeedImageDataFromRemoteUseCaseTests.swift in Sources */ = {isa = PBXBuildFile; fileRef = BB745FD12CB869080032D014 /* LoadFeedImageDataFromRemoteUseCaseTests.swift */; };
		BB84424A2CBEF48400F80735 /* HTTPURLResponse+Extensions.swift in Sources */ = {isa = PBXBuildFile; fileRef = BB8442492CBEF48400F80735 /* HTTPURLResponse+Extensions.swift */; };
		BB84424C2CBEF50C00F80735 /* URLProtocolStub.swift in Sources */ = {isa = PBXBuildFile; fileRef = BB84424B2CBEF50C00F80735 /* URLProtocolStub.swift */; };
		BB84424E2CC049A000F80735 /* LoadFeedImageDataFromCacheUseCaseTests.swift in Sources */ = {isa = PBXBuildFile; fileRef = BB84424D2CC049A000F80735 /* LoadFeedImageDataFromCacheUseCaseTests.swift */; };
		BB900BE52CA1FC8A005A4567 /* NSManagedObjectContext+Stub.swift in Sources */ = {isa = PBXBuildFile; fileRef = BB900BE42CA1FC8A005A4567 /* NSManagedObjectContext+Stub.swift */; };
		BB900BE72CA20331005A4567 /* NSManagedObjectContext+Helpers.swift in Sources */ = {isa = PBXBuildFile; fileRef = BB900BE62CA20331005A4567 /* NSManagedObjectContext+Helpers.swift */; };
		BB900BE92CA2042E005A4567 /* NSEntityDescription+Assertions.swift in Sources */ = {isa = PBXBuildFile; fileRef = BB900BE82CA2042E005A4567 /* NSEntityDescription+Assertions.swift */; };
		BB900C112CA4AA34005A4567 /* EssentialFeediOS.framework in Frameworks */ = {isa = PBXBuildFile; fileRef = BB900C092CA4AA33005A4567 /* EssentialFeediOS.framework */; };
		BB900C172CA4AA34005A4567 /* EssentialFeediOS.h in Headers */ = {isa = PBXBuildFile; fileRef = BB900C0B2CA4AA33005A4567 /* EssentialFeediOS.h */; settings = {ATTRIBUTES = (Public, ); }; };
		BB900C242CA5DA9A005A4567 /* FeedUIIntegrationTests.swift in Sources */ = {isa = PBXBuildFile; fileRef = BB900C232CA5DA9A005A4567 /* FeedUIIntegrationTests.swift */; };
		BB900C262CA5DDE2005A4567 /* EssentialFeed.framework in Frameworks */ = {isa = PBXBuildFile; fileRef = BBDDD7342C8B90B200D6EF3F /* EssentialFeed.framework */; platformFilter = ios; };
		BB900C272CA5DDE2005A4567 /* EssentialFeed.framework in Embed Frameworks */ = {isa = PBXBuildFile; fileRef = BBDDD7342C8B90B200D6EF3F /* EssentialFeed.framework */; platformFilter = ios; settings = {ATTRIBUTES = (CodeSignOnCopy, RemoveHeadersOnCopy, ); }; };
		BB900C2B2CA5E076005A4567 /* XCTestCase+MemoryLeakTracking.swift in Sources */ = {isa = PBXBuildFile; fileRef = BBBEEF672C8F8F70000663ED /* XCTestCase+MemoryLeakTracking.swift */; };
		BB900C2D2CA60273005A4567 /* FeedViewController.swift in Sources */ = {isa = PBXBuildFile; fileRef = BB900C2C2CA60273005A4567 /* FeedViewController.swift */; };
		BB900C2F2CA73738005A4567 /* FeedImageCell.swift in Sources */ = {isa = PBXBuildFile; fileRef = BB900C2E2CA73738005A4567 /* FeedImageCell.swift */; };
		BB9320852CB1595D00CFB232 /* Feed.storyboard in Resources */ = {isa = PBXBuildFile; fileRef = BB9320842CB1595D00CFB232 /* Feed.storyboard */; };
		BB9320892CB1718500CFB232 /* UITableView+Extensions.swift in Sources */ = {isa = PBXBuildFile; fileRef = BB9320882CB1718500CFB232 /* UITableView+Extensions.swift */; };
		BB93208B2CB1724500CFB232 /* UIImageView+Extensions.swift in Sources */ = {isa = PBXBuildFile; fileRef = BB93208A2CB1724500CFB232 /* UIImageView+Extensions.swift */; };
		BB9320912CB1919A00CFB232 /* FeedUIIntegrationTests+Localization.swift in Sources */ = {isa = PBXBuildFile; fileRef = BB9320902CB1919A00CFB232 /* FeedUIIntegrationTests+Localization.swift */; };
		BB9320972CB1F01000CFB232 /* MainQueueDispatchDecorator.swift in Sources */ = {isa = PBXBuildFile; fileRef = BB9320962CB1F01000CFB232 /* MainQueueDispatchDecorator.swift */; };
		BB9320992CB1F04F00CFB232 /* WeakRefVirtualProxy.swift in Sources */ = {isa = PBXBuildFile; fileRef = BB9320982CB1F04F00CFB232 /* WeakRefVirtualProxy.swift */; };
		BB93209B2CB1F08C00CFB232 /* FeedLoadingPresentationAdapter.swift in Sources */ = {isa = PBXBuildFile; fileRef = BB93209A2CB1F08C00CFB232 /* FeedLoadingPresentationAdapter.swift */; };
		BB93209D2CB1F0C700CFB232 /* FeedImageLoadingPresentationAdapter.swift in Sources */ = {isa = PBXBuildFile; fileRef = BB93209C2CB1F0C700CFB232 /* FeedImageLoadingPresentationAdapter.swift */; };
		BB93209F2CB1F10200CFB232 /* FeedViewAdapter.swift in Sources */ = {isa = PBXBuildFile; fileRef = BB93209E2CB1F10200CFB232 /* FeedViewAdapter.swift */; };
		BB99094B2CC3C387001D6530 /* CoreDataFeedStore+FeedImageDataLoader.swift in Sources */ = {isa = PBXBuildFile; fileRef = BB99094A2CC3C387001D6530 /* CoreDataFeedStore+FeedImageDataLoader.swift */; };
		BB99094D2CC3CDA8001D6530 /* CoreDataFeedStore+FeedStore.swift in Sources */ = {isa = PBXBuildFile; fileRef = BB99094C2CC3CDA8001D6530 /* CoreDataFeedStore+FeedStore.swift */; };
		BB990A182CC41B57001D6530 /* CI_macOS.xctestplan in Resources */ = {isa = PBXBuildFile; fileRef = BB990A172CC41B57001D6530 /* CI_macOS.xctestplan */; };
		BBA383152C99FCA100725349 /* FeedCache+TestHelpers.swift in Sources */ = {isa = PBXBuildFile; fileRef = BBA383142C99FCA100725349 /* FeedCache+TestHelpers.swift */; };
		BBA383172C9A0B5000725349 /* ValidateFeedCacheUseCaseTests.swift in Sources */ = {isa = PBXBuildFile; fileRef = BBA383162C9A0B5000725349 /* ValidateFeedCacheUseCaseTests.swift */; };
		BBA3831F2C9B6CDA00725349 /* FeedCachePolicy.swift in Sources */ = {isa = PBXBuildFile; fileRef = BBA3831E2C9B6CDA00725349 /* FeedCachePolicy.swift */; };
		BBB516F32C936D0C00A080BF /* CacheFeedUseCaseTests.swift in Sources */ = {isa = PBXBuildFile; fileRef = BBB516F22C936D0C00A080BF /* CacheFeedUseCaseTests.swift */; };
		BBB516F62C9381C200A080BF /* FeedStore.swift in Sources */ = {isa = PBXBuildFile; fileRef = BBB516F52C9381C200A080BF /* FeedStore.swift */; };
		BBB516F82C938EFB00A080BF /* LocalFeedLoader.swift in Sources */ = {isa = PBXBuildFile; fileRef = BBB516F72C938EFB00A080BF /* LocalFeedLoader.swift */; };
		BBB516FA2C94D37600A080BF /* RemoteFeedImage.swift in Sources */ = {isa = PBXBuildFile; fileRef = BBB516F92C94D37500A080BF /* RemoteFeedImage.swift */; };
		BBB516FC2C94D38900A080BF /* LocalFeedImage.swift in Sources */ = {isa = PBXBuildFile; fileRef = BBB516FB2C94D38900A080BF /* LocalFeedImage.swift */; };
		BBB517052C98CCF200A080BF /* LoadFromCacheUseCaseTests.swift in Sources */ = {isa = PBXBuildFile; fileRef = BBB517042C98CCF200A080BF /* LoadFromCacheUseCaseTests.swift */; };
		BBB517082C98CD7B00A080BF /* FeedStoreSpy.swift in Sources */ = {isa = PBXBuildFile; fileRef = BBB517072C98CD7B00A080BF /* FeedStoreSpy.swift */; };
		BBB5170A2C98CFEF00A080BF /* SharedTestHelpers.swift in Sources */ = {isa = PBXBuildFile; fileRef = BBB517092C98CFEF00A080BF /* SharedTestHelpers.swift */; };
		BBB96B8B2CA741E300EB20C0 /* SharedTestHelpers.swift in Sources */ = {isa = PBXBuildFile; fileRef = BBB517092C98CFEF00A080BF /* SharedTestHelpers.swift */; };
		BBB96B8D2CA800E900EB20C0 /* UIView+Shimmering.swift in Sources */ = {isa = PBXBuildFile; fileRef = BBB96B8C2CA800E900EB20C0 /* UIView+Shimmering.swift */; };
		BBB96B992CA8305700EB20C0 /* UIImage+Extensions.swift in Sources */ = {isa = PBXBuildFile; fileRef = BBB96B982CA8305700EB20C0 /* UIImage+Extensions.swift */; };
		BBB96B9B2CA8307300EB20C0 /* FeedImageCell+Extensions.swift in Sources */ = {isa = PBXBuildFile; fileRef = BBB96B9A2CA8307300EB20C0 /* FeedImageCell+Extensions.swift */; };
		BBB96B9D2CA830AB00EB20C0 /* FeedViewController+Extensions.swift in Sources */ = {isa = PBXBuildFile; fileRef = BBB96B9C2CA830AB00EB20C0 /* FeedViewController+Extensions.swift */; };
		BBB96B9F2CA830EA00EB20C0 /* UIButton+Extensions.swift in Sources */ = {isa = PBXBuildFile; fileRef = BBB96B9E2CA830EA00EB20C0 /* UIButton+Extensions.swift */; };
		BBB96BA12CA830FE00EB20C0 /* UIRefreshControl+Extensions.swift in Sources */ = {isa = PBXBuildFile; fileRef = BBB96BA02CA830FE00EB20C0 /* UIRefreshControl+Extensions.swift */; };
		BBB96BA52CA84AD900EB20C0 /* FeedImageCellController.swift in Sources */ = {isa = PBXBuildFile; fileRef = BBB96BA42CA84AD900EB20C0 /* FeedImageCellController.swift */; };
		BBB96BA82CA851DF00EB20C0 /* FeedUIComposer.swift in Sources */ = {isa = PBXBuildFile; fileRef = BBB96BA72CA851DF00EB20C0 /* FeedUIComposer.swift */; };
		BBBEEF682C8F8F70000663ED /* XCTestCase+MemoryLeakTracking.swift in Sources */ = {isa = PBXBuildFile; fileRef = BBBEEF672C8F8F70000663ED /* XCTestCase+MemoryLeakTracking.swift */; };
		BBBEEF6A2C8FA213000663ED /* URLSessionHTTPClient.swift in Sources */ = {isa = PBXBuildFile; fileRef = BBBEEF692C8FA213000663ED /* URLSessionHTTPClient.swift */; };
		BBBEEF8E2C90BB08000663ED /* EssentialFeedAPIEndToEndTests.swift in Sources */ = {isa = PBXBuildFile; fileRef = BBBEEF8D2C90BB08000663ED /* EssentialFeedAPIEndToEndTests.swift */; };
		BBBEEF8F2C90BB08000663ED /* EssentialFeed.framework in Frameworks */ = {isa = PBXBuildFile; fileRef = BBDDD7342C8B90B200D6EF3F /* EssentialFeed.framework */; };
		BBBEEF952C90C3DD000663ED /* XCTestCase+MemoryLeakTracking.swift in Sources */ = {isa = PBXBuildFile; fileRef = BBBEEF672C8F8F70000663ED /* XCTestCase+MemoryLeakTracking.swift */; };
		BBC21F742C9F2B73005901E8 /* FeedStoreSpecs.swift in Sources */ = {isa = PBXBuildFile; fileRef = BBC21F732C9F2B73005901E8 /* FeedStoreSpecs.swift */; };
		BBC21F762C9F2C6E005901E8 /* XCTestCase+FeedStoreSpecs.swift in Sources */ = {isa = PBXBuildFile; fileRef = BBC21F752C9F2C6E005901E8 /* XCTestCase+FeedStoreSpecs.swift */; };
		BBC21F782C9F34E7005901E8 /* XCTestCase+FailableRetrieveFeedStoreSpecs.swift in Sources */ = {isa = PBXBuildFile; fileRef = BBC21F772C9F34E7005901E8 /* XCTestCase+FailableRetrieveFeedStoreSpecs.swift */; };
		BBC21F7A2C9F360E005901E8 /* XCTestCase+FailableInsertFeedStoreSpecs.swift in Sources */ = {isa = PBXBuildFile; fileRef = BBC21F792C9F360E005901E8 /* XCTestCase+FailableInsertFeedStoreSpecs.swift */; };
		BBC21F7C2C9F36EA005901E8 /* XCTestCase+FailableDeleteFeedStoreSpecs.swift in Sources */ = {isa = PBXBuildFile; fileRef = BBC21F7B2C9F36EA005901E8 /* XCTestCase+FailableDeleteFeedStoreSpecs.swift */; };
		BBC21F7F2C9F4918005901E8 /* CoreDataFeedStoreTests.swift in Sources */ = {isa = PBXBuildFile; fileRef = BBC21F7E2C9F4918005901E8 /* CoreDataFeedStoreTests.swift */; };
		BBC21F842C9F4AEC005901E8 /* CoreDataFeedStore.swift in Sources */ = {isa = PBXBuildFile; fileRef = BBC21F832C9F4AEC005901E8 /* CoreDataFeedStore.swift */; };
		BBC21F862C9F4B1F005901E8 /* CoreDataHelpers.swift in Sources */ = {isa = PBXBuildFile; fileRef = BBC21F852C9F4B1F005901E8 /* CoreDataHelpers.swift */; };
		BBC21F882C9F4BA5005901E8 /* ManagedCache.swift in Sources */ = {isa = PBXBuildFile; fileRef = BBC21F872C9F4BA5005901E8 /* ManagedCache.swift */; };
		BBC21F8A2C9F4BDC005901E8 /* ManagerFeedImage.swift in Sources */ = {isa = PBXBuildFile; fileRef = BBC21F892C9F4BDC005901E8 /* ManagerFeedImage.swift */; };
		BBC21F8D2C9F4DFD005901E8 /* FeedStore.xcdatamodeld in Sources */ = {isa = PBXBuildFile; fileRef = BBC21F8B2C9F4DFD005901E8 /* FeedStore.xcdatamodeld */; };
		BBC21FAB2CA06CA0005901E8 /* EssentialFeedCacheIntegrationTests.swift in Sources */ = {isa = PBXBuildFile; fileRef = BBC21FAA2CA06CA0005901E8 /* EssentialFeedCacheIntegrationTests.swift */; };
		BBC21FAC2CA06CA1005901E8 /* EssentialFeed.framework in Frameworks */ = {isa = PBXBuildFile; fileRef = BBDDD7342C8B90B200D6EF3F /* EssentialFeed.framework */; };
		BBC21FB22CA06E49005901E8 /* XCTestCase+MemoryLeakTracking.swift in Sources */ = {isa = PBXBuildFile; fileRef = BBBEEF672C8F8F70000663ED /* XCTestCase+MemoryLeakTracking.swift */; };
		BBC21FB32CA06F9C005901E8 /* FeedCache+TestHelpers.swift in Sources */ = {isa = PBXBuildFile; fileRef = BBA383142C99FCA100725349 /* FeedCache+TestHelpers.swift */; };
		BBC21FB42CA06FC5005901E8 /* SharedTestHelpers.swift in Sources */ = {isa = PBXBuildFile; fileRef = BBB517092C98CFEF00A080BF /* SharedTestHelpers.swift */; };
		BBCD9A5A2CB5CA25004AA9E8 /* ErrorView.swift in Sources */ = {isa = PBXBuildFile; fileRef = BBCD9A592CB5CA25004AA9E8 /* ErrorView.swift */; };
		BBCD9A5E2CB5D15E004AA9E8 /* UIControl+Extensions.swift in Sources */ = {isa = PBXBuildFile; fileRef = BBCD9A5D2CB5D15E004AA9E8 /* UIControl+Extensions.swift */; };
		BBDDD7432C8B90B200D6EF3F /* EssentialFeed.h in Headers */ = {isa = PBXBuildFile; fileRef = BBDDD7372C8B90B200D6EF3F /* EssentialFeed.h */; settings = {ATTRIBUTES = (Public, ); }; };
		BBDDD7532C8B91F000D6EF3F /* EssentialFeedTests.swift in Sources */ = {isa = PBXBuildFile; fileRef = BBDDD7522C8B91F000D6EF3F /* EssentialFeedTests.swift */; };
		BBDDD7542C8B91F000D6EF3F /* EssentialFeed.framework in Frameworks */ = {isa = PBXBuildFile; fileRef = BBDDD7342C8B90B200D6EF3F /* EssentialFeed.framework */; };
		BBDDD7902C8C90B400D6EF3F /* FeedLoader.swift in Sources */ = {isa = PBXBuildFile; fileRef = BBDDD78F2C8C90B400D6EF3F /* FeedLoader.swift */; };
		BBDDD7922C8C90D900D6EF3F /* FeedItem.swift in Sources */ = {isa = PBXBuildFile; fileRef = BBDDD7912C8C90D900D6EF3F /* FeedItem.swift */; };
		BBDDD7942C8C912400D6EF3F /* LoadFeedFromRemoteUseCaseTests.swift in Sources */ = {isa = PBXBuildFile; fileRef = BBDDD7932C8C912400D6EF3F /* LoadFeedFromRemoteUseCaseTests.swift */; };
		BBDDD7972C8CA59D00D6EF3F /* RemoteFeedLoader.swift in Sources */ = {isa = PBXBuildFile; fileRef = BBDDD7962C8CA59D00D6EF3F /* RemoteFeedLoader.swift */; };
		BBDDD7992C8CA5B000D6EF3F /* HTTPClient.swift in Sources */ = {isa = PBXBuildFile; fileRef = BBDDD7982C8CA5B000D6EF3F /* HTTPClient.swift */; };
		BBF11CE62C8F6E03009A97E2 /* URLSessionHTTPClientTests.swift in Sources */ = {isa = PBXBuildFile; fileRef = BBF11CE52C8F6E03009A97E2 /* URLSessionHTTPClientTests.swift */; };
		BBF35D7C2C8DD3F5006AEC65 /* RemoteFeedImagesMapper.swift in Sources */ = {isa = PBXBuildFile; fileRef = BBF35D7B2C8DD3F5006AEC65 /* RemoteFeedImagesMapper.swift */; };
/* End PBXBuildFile section */

/* Begin PBXContainerItemProxy section */
		BB900C122CA4AA34005A4567 /* PBXContainerItemProxy */ = {
			isa = PBXContainerItemProxy;
			containerPortal = BBDDD72B2C8B90B200D6EF3F /* Project object */;
			proxyType = 1;
			remoteGlobalIDString = BB900C082CA4AA33005A4567;
			remoteInfo = EssentialFeediOS;
		};
		BB900C282CA5DDE2005A4567 /* PBXContainerItemProxy */ = {
			isa = PBXContainerItemProxy;
			containerPortal = BBDDD72B2C8B90B200D6EF3F /* Project object */;
			proxyType = 1;
			remoteGlobalIDString = BBDDD7332C8B90B200D6EF3F;
			remoteInfo = EssentialFeed;
		};
		BBBEEF902C90BB08000663ED /* PBXContainerItemProxy */ = {
			isa = PBXContainerItemProxy;
			containerPortal = BBDDD72B2C8B90B200D6EF3F /* Project object */;
			proxyType = 1;
			remoteGlobalIDString = BBDDD7332C8B90B200D6EF3F;
			remoteInfo = EssentialFeed;
		};
		BBC21FAD2CA06CA1005901E8 /* PBXContainerItemProxy */ = {
			isa = PBXContainerItemProxy;
			containerPortal = BBDDD72B2C8B90B200D6EF3F /* Project object */;
			proxyType = 1;
			remoteGlobalIDString = BBDDD7332C8B90B200D6EF3F;
			remoteInfo = EssentialFeed;
		};
		BBDDD7552C8B91F000D6EF3F /* PBXContainerItemProxy */ = {
			isa = PBXContainerItemProxy;
			containerPortal = BBDDD72B2C8B90B200D6EF3F /* Project object */;
			proxyType = 1;
			remoteGlobalIDString = BBDDD7332C8B90B200D6EF3F;
			remoteInfo = EssentialFeed;
		};
/* End PBXContainerItemProxy section */

/* Begin PBXCopyFilesBuildPhase section */
		BB900C2A2CA5DDE2005A4567 /* Embed Frameworks */ = {
			isa = PBXCopyFilesBuildPhase;
			buildActionMask = 2147483647;
			dstPath = "";
			dstSubfolderSpec = 10;
			files = (
				BB900C272CA5DDE2005A4567 /* EssentialFeed.framework in Embed Frameworks */,
			);
			name = "Embed Frameworks";
			runOnlyForDeploymentPostprocessing = 0;
		};
/* End PBXCopyFilesBuildPhase section */

/* Begin PBXFileReference section */
		BB27487F2CC3036200CCA574 /* CoreDataFeedImageDataStoreTests.swift */ = {isa = PBXFileReference; lastKnownFileType = sourcecode.swift; path = CoreDataFeedImageDataStoreTests.swift; sourceTree = "<group>"; };
		BB37E2A92CC442A600A25B8D /* FeedCache.swift */ = {isa = PBXFileReference; lastKnownFileType = sourcecode.swift; path = FeedCache.swift; sourceTree = "<group>"; };
		BB37E2E42CC4545000A25B8D /* FeedImageDataCache.swift */ = {isa = PBXFileReference; lastKnownFileType = sourcecode.swift; path = FeedImageDataCache.swift; sourceTree = "<group>"; };
		BB3F81F52CC19AAE00BC2F05 /* LocalFeedImageDataLoader.swift */ = {isa = PBXFileReference; lastKnownFileType = sourcecode.swift; path = LocalFeedImageDataLoader.swift; sourceTree = "<group>"; };
		BB3F81F72CC19AD200BC2F05 /* FeedImageDataStore.swift */ = {isa = PBXFileReference; lastKnownFileType = sourcecode.swift; path = FeedImageDataStore.swift; sourceTree = "<group>"; };
		BB3F81F92CC1A10B00BC2F05 /* FeedImageDataStoreSpy.swift */ = {isa = PBXFileReference; lastKnownFileType = sourcecode.swift; path = FeedImageDataStoreSpy.swift; sourceTree = "<group>"; };
		BB3F81FB2CC1A1D700BC2F05 /* CacheFeedImageDataUseCaseTests.swift */ = {isa = PBXFileReference; lastKnownFileType = sourcecode.swift; path = CacheFeedImageDataUseCaseTests.swift; sourceTree = "<group>"; };
		BB5250DA2CBEEE1F00FFBBBA /* HTTPClientSpy.swift */ = {isa = PBXFileReference; lastKnownFileType = sourcecode.swift; path = HTTPClientSpy.swift; sourceTree = "<group>"; };
		BB5250DC2CBEEEA800FFBBBA /* RemoteFeedImageDataLoader.swift */ = {isa = PBXFileReference; lastKnownFileType = sourcecode.swift; path = RemoteFeedImageDataLoader.swift; sourceTree = "<group>"; };
		BB59C0B82CB6F931000DBC0F /* FeedPresenterTests.swift */ = {isa = PBXFileReference; lastKnownFileType = sourcecode.swift; path = FeedPresenterTests.swift; sourceTree = "<group>"; };
		BB59C0BB2CB709B1000DBC0F /* en */ = {isa = PBXFileReference; lastKnownFileType = text.plist.strings; name = en; path = en.lproj/Feed.strings; sourceTree = "<group>"; };
		BB59C0BD2CB709B6000DBC0F /* pt-BR */ = {isa = PBXFileReference; lastKnownFileType = text.plist.strings; name = "pt-BR"; path = "pt-BR.lproj/Feed.strings"; sourceTree = "<group>"; };
		BB59C0C02CB70BF0000DBC0F /* FeedPresenter.swift */ = {isa = PBXFileReference; lastKnownFileType = sourcecode.swift; path = FeedPresenter.swift; sourceTree = "<group>"; };
		BB59C0C22CB70C06000DBC0F /* FeedView.swift */ = {isa = PBXFileReference; lastKnownFileType = sourcecode.swift; path = FeedView.swift; sourceTree = "<group>"; };
		BB59C0C42CB70C24000DBC0F /* FeedViewMode.swift */ = {isa = PBXFileReference; lastKnownFileType = sourcecode.swift; path = FeedViewMode.swift; sourceTree = "<group>"; };
		BB59C0C62CB70C36000DBC0F /* FeedLoadingView.swift */ = {isa = PBXFileReference; lastKnownFileType = sourcecode.swift; path = FeedLoadingView.swift; sourceTree = "<group>"; };
		BB59C0C82CB70C42000DBC0F /* FeedLoadingViewModel.swift */ = {isa = PBXFileReference; lastKnownFileType = sourcecode.swift; path = FeedLoadingViewModel.swift; sourceTree = "<group>"; };
		BB59C0CA2CB70C4E000DBC0F /* FeedErrorView.swift */ = {isa = PBXFileReference; lastKnownFileType = sourcecode.swift; path = FeedErrorView.swift; sourceTree = "<group>"; };
		BB59C0CC2CB70C59000DBC0F /* FeedErrorViewModel.swift */ = {isa = PBXFileReference; lastKnownFileType = sourcecode.swift; path = FeedErrorViewModel.swift; sourceTree = "<group>"; };
		BB59C0D02CB714B7000DBC0F /* FeedImagePresenterTests.swift */ = {isa = PBXFileReference; lastKnownFileType = sourcecode.swift; path = FeedImagePresenterTests.swift; sourceTree = "<group>"; };
		BB59C0D22CB721E0000DBC0F /* FeedImagePresenter.swift */ = {isa = PBXFileReference; lastKnownFileType = sourcecode.swift; path = FeedImagePresenter.swift; sourceTree = "<group>"; };
		BB59C0D42CB72214000DBC0F /* FeedImageLoadingView.swift */ = {isa = PBXFileReference; lastKnownFileType = sourcecode.swift; path = FeedImageLoadingView.swift; sourceTree = "<group>"; };
		BB59C0D62CB72221000DBC0F /* FeedImageLoadingViewModel.swift */ = {isa = PBXFileReference; lastKnownFileType = sourcecode.swift; path = FeedImageLoadingViewModel.swift; sourceTree = "<group>"; };
		BB745FD12CB869080032D014 /* LoadFeedImageDataFromRemoteUseCaseTests.swift */ = {isa = PBXFileReference; lastKnownFileType = sourcecode.swift; path = LoadFeedImageDataFromRemoteUseCaseTests.swift; sourceTree = "<group>"; };
		BB8442492CBEF48400F80735 /* HTTPURLResponse+Extensions.swift */ = {isa = PBXFileReference; lastKnownFileType = sourcecode.swift; path = "HTTPURLResponse+Extensions.swift"; sourceTree = "<group>"; };
		BB84424B2CBEF50C00F80735 /* URLProtocolStub.swift */ = {isa = PBXFileReference; lastKnownFileType = sourcecode.swift; path = URLProtocolStub.swift; sourceTree = "<group>"; };
		BB84424D2CC049A000F80735 /* LoadFeedImageDataFromCacheUseCaseTests.swift */ = {isa = PBXFileReference; lastKnownFileType = sourcecode.swift; path = LoadFeedImageDataFromCacheUseCaseTests.swift; sourceTree = "<group>"; };
		BB900BE42CA1FC8A005A4567 /* NSManagedObjectContext+Stub.swift */ = {isa = PBXFileReference; lastKnownFileType = sourcecode.swift; path = "NSManagedObjectContext+Stub.swift"; sourceTree = "<group>"; };
		BB900BE62CA20331005A4567 /* NSManagedObjectContext+Helpers.swift */ = {isa = PBXFileReference; lastKnownFileType = sourcecode.swift; path = "NSManagedObjectContext+Helpers.swift"; sourceTree = "<group>"; };
		BB900BE82CA2042E005A4567 /* NSEntityDescription+Assertions.swift */ = {isa = PBXFileReference; lastKnownFileType = sourcecode.swift; path = "NSEntityDescription+Assertions.swift"; sourceTree = "<group>"; };
		BB900C092CA4AA33005A4567 /* EssentialFeediOS.framework */ = {isa = PBXFileReference; explicitFileType = wrapper.framework; includeInIndex = 0; path = EssentialFeediOS.framework; sourceTree = BUILT_PRODUCTS_DIR; };
		BB900C0B2CA4AA33005A4567 /* EssentialFeediOS.h */ = {isa = PBXFileReference; lastKnownFileType = sourcecode.c.h; path = EssentialFeediOS.h; sourceTree = "<group>"; };
		BB900C102CA4AA34005A4567 /* EssentialFeediOSTests.xctest */ = {isa = PBXFileReference; explicitFileType = wrapper.cfbundle; includeInIndex = 0; path = EssentialFeediOSTests.xctest; sourceTree = BUILT_PRODUCTS_DIR; };
		BB900C1E2CA4AA6C005A4567 /* EssentialFeediOS.xctestplan */ = {isa = PBXFileReference; lastKnownFileType = text; path = EssentialFeediOS.xctestplan; sourceTree = "<group>"; };
		BB900C232CA5DA9A005A4567 /* FeedUIIntegrationTests.swift */ = {isa = PBXFileReference; lastKnownFileType = sourcecode.swift; path = FeedUIIntegrationTests.swift; sourceTree = "<group>"; };
		BB900C2C2CA60273005A4567 /* FeedViewController.swift */ = {isa = PBXFileReference; lastKnownFileType = sourcecode.swift; path = FeedViewController.swift; sourceTree = "<group>"; };
		BB900C2E2CA73738005A4567 /* FeedImageCell.swift */ = {isa = PBXFileReference; lastKnownFileType = sourcecode.swift; path = FeedImageCell.swift; sourceTree = "<group>"; };
		BB9320842CB1595D00CFB232 /* Feed.storyboard */ = {isa = PBXFileReference; lastKnownFileType = file.storyboard; path = Feed.storyboard; sourceTree = "<group>"; };
		BB9320882CB1718500CFB232 /* UITableView+Extensions.swift */ = {isa = PBXFileReference; lastKnownFileType = sourcecode.swift; path = "UITableView+Extensions.swift"; sourceTree = "<group>"; };
		BB93208A2CB1724500CFB232 /* UIImageView+Extensions.swift */ = {isa = PBXFileReference; lastKnownFileType = sourcecode.swift; path = "UIImageView+Extensions.swift"; sourceTree = "<group>"; };
		BB9320902CB1919A00CFB232 /* FeedUIIntegrationTests+Localization.swift */ = {isa = PBXFileReference; lastKnownFileType = sourcecode.swift; path = "FeedUIIntegrationTests+Localization.swift"; sourceTree = "<group>"; };
		BB9320942CB19AA600CFB232 /* FeedLocalizationTests.swift */ = {isa = PBXFileReference; lastKnownFileType = sourcecode.swift; path = FeedLocalizationTests.swift; sourceTree = "<group>"; };
		BB9320962CB1F01000CFB232 /* MainQueueDispatchDecorator.swift */ = {isa = PBXFileReference; lastKnownFileType = sourcecode.swift; path = MainQueueDispatchDecorator.swift; sourceTree = "<group>"; };
		BB9320982CB1F04F00CFB232 /* WeakRefVirtualProxy.swift */ = {isa = PBXFileReference; lastKnownFileType = sourcecode.swift; path = WeakRefVirtualProxy.swift; sourceTree = "<group>"; };
		BB93209A2CB1F08C00CFB232 /* FeedLoadingPresentationAdapter.swift */ = {isa = PBXFileReference; lastKnownFileType = sourcecode.swift; path = FeedLoadingPresentationAdapter.swift; sourceTree = "<group>"; };
		BB93209C2CB1F0C700CFB232 /* FeedImageLoadingPresentationAdapter.swift */ = {isa = PBXFileReference; lastKnownFileType = sourcecode.swift; path = FeedImageLoadingPresentationAdapter.swift; sourceTree = "<group>"; };
		BB93209E2CB1F10200CFB232 /* FeedViewAdapter.swift */ = {isa = PBXFileReference; lastKnownFileType = sourcecode.swift; path = FeedViewAdapter.swift; sourceTree = "<group>"; };
		BB99094A2CC3C387001D6530 /* CoreDataFeedStore+FeedImageDataLoader.swift */ = {isa = PBXFileReference; lastKnownFileType = sourcecode.swift; path = "CoreDataFeedStore+FeedImageDataLoader.swift"; sourceTree = "<group>"; };
		BB99094C2CC3CDA8001D6530 /* CoreDataFeedStore+FeedStore.swift */ = {isa = PBXFileReference; lastKnownFileType = sourcecode.swift; path = "CoreDataFeedStore+FeedStore.swift"; sourceTree = "<group>"; };
		BB990A172CC41B57001D6530 /* CI_macOS.xctestplan */ = {isa = PBXFileReference; lastKnownFileType = text; path = CI_macOS.xctestplan; sourceTree = "<group>"; };
		BBA383142C99FCA100725349 /* FeedCache+TestHelpers.swift */ = {isa = PBXFileReference; lastKnownFileType = sourcecode.swift; path = "FeedCache+TestHelpers.swift"; sourceTree = "<group>"; };
		BBA383162C9A0B5000725349 /* ValidateFeedCacheUseCaseTests.swift */ = {isa = PBXFileReference; lastKnownFileType = sourcecode.swift; path = ValidateFeedCacheUseCaseTests.swift; sourceTree = "<group>"; };
		BBA3831E2C9B6CDA00725349 /* FeedCachePolicy.swift */ = {isa = PBXFileReference; lastKnownFileType = sourcecode.swift; path = FeedCachePolicy.swift; sourceTree = "<group>"; };
		BBB516F22C936D0C00A080BF /* CacheFeedUseCaseTests.swift */ = {isa = PBXFileReference; lastKnownFileType = sourcecode.swift; path = CacheFeedUseCaseTests.swift; sourceTree = "<group>"; };
		BBB516F52C9381C200A080BF /* FeedStore.swift */ = {isa = PBXFileReference; lastKnownFileType = sourcecode.swift; path = FeedStore.swift; sourceTree = "<group>"; };
		BBB516F72C938EFB00A080BF /* LocalFeedLoader.swift */ = {isa = PBXFileReference; lastKnownFileType = sourcecode.swift; path = LocalFeedLoader.swift; sourceTree = "<group>"; };
		BBB516F92C94D37500A080BF /* RemoteFeedImage.swift */ = {isa = PBXFileReference; lastKnownFileType = sourcecode.swift; path = RemoteFeedImage.swift; sourceTree = "<group>"; };
		BBB516FB2C94D38900A080BF /* LocalFeedImage.swift */ = {isa = PBXFileReference; lastKnownFileType = sourcecode.swift; path = LocalFeedImage.swift; sourceTree = "<group>"; };
		BBB517042C98CCF200A080BF /* LoadFromCacheUseCaseTests.swift */ = {isa = PBXFileReference; lastKnownFileType = sourcecode.swift; path = LoadFromCacheUseCaseTests.swift; sourceTree = "<group>"; };
		BBB517072C98CD7B00A080BF /* FeedStoreSpy.swift */ = {isa = PBXFileReference; lastKnownFileType = sourcecode.swift; path = FeedStoreSpy.swift; sourceTree = "<group>"; };
		BBB517092C98CFEF00A080BF /* SharedTestHelpers.swift */ = {isa = PBXFileReference; lastKnownFileType = sourcecode.swift; path = SharedTestHelpers.swift; sourceTree = "<group>"; };
		BBB96B8C2CA800E900EB20C0 /* UIView+Shimmering.swift */ = {isa = PBXFileReference; lastKnownFileType = sourcecode.swift; path = "UIView+Shimmering.swift"; sourceTree = "<group>"; };
		BBB96B902CA82FB700EB20C0 /* FeedImageDataLoader.swift */ = {isa = PBXFileReference; lastKnownFileType = sourcecode.swift; path = FeedImageDataLoader.swift; sourceTree = "<group>"; };
		BBB96B982CA8305700EB20C0 /* UIImage+Extensions.swift */ = {isa = PBXFileReference; lastKnownFileType = sourcecode.swift; path = "UIImage+Extensions.swift"; sourceTree = "<group>"; };
		BBB96B9A2CA8307300EB20C0 /* FeedImageCell+Extensions.swift */ = {isa = PBXFileReference; lastKnownFileType = sourcecode.swift; path = "FeedImageCell+Extensions.swift"; sourceTree = "<group>"; };
		BBB96B9C2CA830AB00EB20C0 /* FeedViewController+Extensions.swift */ = {isa = PBXFileReference; lastKnownFileType = sourcecode.swift; path = "FeedViewController+Extensions.swift"; sourceTree = "<group>"; };
		BBB96B9E2CA830EA00EB20C0 /* UIButton+Extensions.swift */ = {isa = PBXFileReference; lastKnownFileType = sourcecode.swift; path = "UIButton+Extensions.swift"; sourceTree = "<group>"; };
		BBB96BA02CA830FE00EB20C0 /* UIRefreshControl+Extensions.swift */ = {isa = PBXFileReference; lastKnownFileType = sourcecode.swift; path = "UIRefreshControl+Extensions.swift"; sourceTree = "<group>"; };
		BBB96BA42CA84AD900EB20C0 /* FeedImageCellController.swift */ = {isa = PBXFileReference; lastKnownFileType = sourcecode.swift; path = FeedImageCellController.swift; sourceTree = "<group>"; };
		BBB96BA72CA851DF00EB20C0 /* FeedUIComposer.swift */ = {isa = PBXFileReference; lastKnownFileType = sourcecode.swift; path = FeedUIComposer.swift; sourceTree = "<group>"; };
		BBBEEF672C8F8F70000663ED /* XCTestCase+MemoryLeakTracking.swift */ = {isa = PBXFileReference; lastKnownFileType = sourcecode.swift; path = "XCTestCase+MemoryLeakTracking.swift"; sourceTree = "<group>"; };
		BBBEEF692C8FA213000663ED /* URLSessionHTTPClient.swift */ = {isa = PBXFileReference; lastKnownFileType = sourcecode.swift; path = URLSessionHTTPClient.swift; sourceTree = "<group>"; };
		BBBEEF862C90B94C000663ED /* EssentialFeed.xctestplan */ = {isa = PBXFileReference; lastKnownFileType = text; path = EssentialFeed.xctestplan; sourceTree = "<group>"; };
		BBBEEF8B2C90BB08000663ED /* EssentialFeedAPIEndToEndTests.xctest */ = {isa = PBXFileReference; explicitFileType = wrapper.cfbundle; includeInIndex = 0; path = EssentialFeedAPIEndToEndTests.xctest; sourceTree = BUILT_PRODUCTS_DIR; };
		BBBEEF8D2C90BB08000663ED /* EssentialFeedAPIEndToEndTests.swift */ = {isa = PBXFileReference; lastKnownFileType = sourcecode.swift; path = EssentialFeedAPIEndToEndTests.swift; sourceTree = "<group>"; };
		BBBEEF962C90C46C000663ED /* CI_iOS.xctestplan */ = {isa = PBXFileReference; lastKnownFileType = text; path = CI_iOS.xctestplan; sourceTree = "<group>"; };
		BBBEEF972C90C4CA000663ED /* EssentialFeedAPIEndToEndTests.xctestplan */ = {isa = PBXFileReference; lastKnownFileType = text; path = EssentialFeedAPIEndToEndTests.xctestplan; sourceTree = "<group>"; };
		BBC21F732C9F2B73005901E8 /* FeedStoreSpecs.swift */ = {isa = PBXFileReference; lastKnownFileType = sourcecode.swift; path = FeedStoreSpecs.swift; sourceTree = "<group>"; };
		BBC21F752C9F2C6E005901E8 /* XCTestCase+FeedStoreSpecs.swift */ = {isa = PBXFileReference; lastKnownFileType = sourcecode.swift; path = "XCTestCase+FeedStoreSpecs.swift"; sourceTree = "<group>"; };
		BBC21F772C9F34E7005901E8 /* XCTestCase+FailableRetrieveFeedStoreSpecs.swift */ = {isa = PBXFileReference; lastKnownFileType = sourcecode.swift; path = "XCTestCase+FailableRetrieveFeedStoreSpecs.swift"; sourceTree = "<group>"; };
		BBC21F792C9F360E005901E8 /* XCTestCase+FailableInsertFeedStoreSpecs.swift */ = {isa = PBXFileReference; lastKnownFileType = sourcecode.swift; path = "XCTestCase+FailableInsertFeedStoreSpecs.swift"; sourceTree = "<group>"; };
		BBC21F7B2C9F36EA005901E8 /* XCTestCase+FailableDeleteFeedStoreSpecs.swift */ = {isa = PBXFileReference; lastKnownFileType = sourcecode.swift; path = "XCTestCase+FailableDeleteFeedStoreSpecs.swift"; sourceTree = "<group>"; };
		BBC21F7E2C9F4918005901E8 /* CoreDataFeedStoreTests.swift */ = {isa = PBXFileReference; lastKnownFileType = sourcecode.swift; path = CoreDataFeedStoreTests.swift; sourceTree = "<group>"; };
		BBC21F832C9F4AEC005901E8 /* CoreDataFeedStore.swift */ = {isa = PBXFileReference; lastKnownFileType = sourcecode.swift; path = CoreDataFeedStore.swift; sourceTree = "<group>"; };
		BBC21F852C9F4B1F005901E8 /* CoreDataHelpers.swift */ = {isa = PBXFileReference; lastKnownFileType = sourcecode.swift; path = CoreDataHelpers.swift; sourceTree = "<group>"; };
		BBC21F872C9F4BA5005901E8 /* ManagedCache.swift */ = {isa = PBXFileReference; lastKnownFileType = sourcecode.swift; path = ManagedCache.swift; sourceTree = "<group>"; };
		BBC21F892C9F4BDC005901E8 /* ManagerFeedImage.swift */ = {isa = PBXFileReference; lastKnownFileType = sourcecode.swift; path = ManagerFeedImage.swift; sourceTree = "<group>"; };
		BBC21F8C2C9F4DFD005901E8 /* FeedStore.xcdatamodel */ = {isa = PBXFileReference; lastKnownFileType = wrapper.xcdatamodel; path = FeedStore.xcdatamodel; sourceTree = "<group>"; };
		BBC21F9E2CA06B71005901E8 /* EssentialFeedCacheIntegrationTests.xctestplan */ = {isa = PBXFileReference; lastKnownFileType = text; path = EssentialFeedCacheIntegrationTests.xctestplan; sourceTree = "<group>"; };
		BBC21FA82CA06CA0005901E8 /* EssentialFeedCacheIntegrationTests.xctest */ = {isa = PBXFileReference; explicitFileType = wrapper.cfbundle; includeInIndex = 0; path = EssentialFeedCacheIntegrationTests.xctest; sourceTree = BUILT_PRODUCTS_DIR; };
		BBC21FAA2CA06CA0005901E8 /* EssentialFeedCacheIntegrationTests.swift */ = {isa = PBXFileReference; lastKnownFileType = sourcecode.swift; path = EssentialFeedCacheIntegrationTests.swift; sourceTree = "<group>"; };
		BBCD9A592CB5CA25004AA9E8 /* ErrorView.swift */ = {isa = PBXFileReference; lastKnownFileType = sourcecode.swift; path = ErrorView.swift; sourceTree = "<group>"; };
		BBCD9A5D2CB5D15E004AA9E8 /* UIControl+Extensions.swift */ = {isa = PBXFileReference; lastKnownFileType = sourcecode.swift; path = "UIControl+Extensions.swift"; sourceTree = "<group>"; };
		BBDDD7342C8B90B200D6EF3F /* EssentialFeed.framework */ = {isa = PBXFileReference; explicitFileType = wrapper.framework; includeInIndex = 0; path = EssentialFeed.framework; sourceTree = BUILT_PRODUCTS_DIR; };
		BBDDD7372C8B90B200D6EF3F /* EssentialFeed.h */ = {isa = PBXFileReference; lastKnownFileType = sourcecode.c.h; path = EssentialFeed.h; sourceTree = "<group>"; };
		BBDDD7502C8B91F000D6EF3F /* EssentialFeedTests.xctest */ = {isa = PBXFileReference; explicitFileType = wrapper.cfbundle; includeInIndex = 0; path = EssentialFeedTests.xctest; sourceTree = BUILT_PRODUCTS_DIR; };
		BBDDD7522C8B91F000D6EF3F /* EssentialFeedTests.swift */ = {isa = PBXFileReference; lastKnownFileType = sourcecode.swift; path = EssentialFeedTests.swift; sourceTree = "<group>"; };
		BBDDD78F2C8C90B400D6EF3F /* FeedLoader.swift */ = {isa = PBXFileReference; lastKnownFileType = sourcecode.swift; path = FeedLoader.swift; sourceTree = "<group>"; };
		BBDDD7912C8C90D900D6EF3F /* FeedItem.swift */ = {isa = PBXFileReference; lastKnownFileType = sourcecode.swift; path = FeedItem.swift; sourceTree = "<group>"; };
		BBDDD7932C8C912400D6EF3F /* LoadFeedFromRemoteUseCaseTests.swift */ = {isa = PBXFileReference; lastKnownFileType = sourcecode.swift; path = LoadFeedFromRemoteUseCaseTests.swift; sourceTree = "<group>"; };
		BBDDD7962C8CA59D00D6EF3F /* RemoteFeedLoader.swift */ = {isa = PBXFileReference; lastKnownFileType = sourcecode.swift; path = RemoteFeedLoader.swift; sourceTree = "<group>"; };
		BBDDD7982C8CA5B000D6EF3F /* HTTPClient.swift */ = {isa = PBXFileReference; lastKnownFileType = sourcecode.swift; path = HTTPClient.swift; sourceTree = "<group>"; };
		BBF11CE52C8F6E03009A97E2 /* URLSessionHTTPClientTests.swift */ = {isa = PBXFileReference; lastKnownFileType = sourcecode.swift; path = URLSessionHTTPClientTests.swift; sourceTree = "<group>"; };
		BBF35D7B2C8DD3F5006AEC65 /* RemoteFeedImagesMapper.swift */ = {isa = PBXFileReference; lastKnownFileType = sourcecode.swift; path = RemoteFeedImagesMapper.swift; sourceTree = "<group>"; };
/* End PBXFileReference section */

/* Begin PBXFrameworksBuildPhase section */
		BB900C062CA4AA33005A4567 /* Frameworks */ = {
			isa = PBXFrameworksBuildPhase;
			buildActionMask = 2147483647;
			files = (
				BB900C262CA5DDE2005A4567 /* EssentialFeed.framework in Frameworks */,
			);
			runOnlyForDeploymentPostprocessing = 0;
		};
		BB900C0D2CA4AA34005A4567 /* Frameworks */ = {
			isa = PBXFrameworksBuildPhase;
			buildActionMask = 2147483647;
			files = (
				BB900C112CA4AA34005A4567 /* EssentialFeediOS.framework in Frameworks */,
			);
			runOnlyForDeploymentPostprocessing = 0;
		};
		BBBEEF882C90BB08000663ED /* Frameworks */ = {
			isa = PBXFrameworksBuildPhase;
			buildActionMask = 2147483647;
			files = (
				BBBEEF8F2C90BB08000663ED /* EssentialFeed.framework in Frameworks */,
			);
			runOnlyForDeploymentPostprocessing = 0;
		};
		BBC21FA52CA06CA0005901E8 /* Frameworks */ = {
			isa = PBXFrameworksBuildPhase;
			buildActionMask = 2147483647;
			files = (
				BBC21FAC2CA06CA1005901E8 /* EssentialFeed.framework in Frameworks */,
			);
			runOnlyForDeploymentPostprocessing = 0;
		};
		BBDDD7312C8B90B200D6EF3F /* Frameworks */ = {
			isa = PBXFrameworksBuildPhase;
			buildActionMask = 2147483647;
			files = (
			);
			runOnlyForDeploymentPostprocessing = 0;
		};
		BBDDD74D2C8B91F000D6EF3F /* Frameworks */ = {
			isa = PBXFrameworksBuildPhase;
			buildActionMask = 2147483647;
			files = (
				BBDDD7542C8B91F000D6EF3F /* EssentialFeed.framework in Frameworks */,
			);
			runOnlyForDeploymentPostprocessing = 0;
		};
/* End PBXFrameworksBuildPhase section */

/* Begin PBXGroup section */
		BB5250D92CBEEE1600FFBBBA /* Helpers */ = {
			isa = PBXGroup;
			children = (
				BB5250DA2CBEEE1F00FFBBBA /* HTTPClientSpy.swift */,
				BB84424B2CBEF50C00F80735 /* URLProtocolStub.swift */,
			);
			path = Helpers;
			sourceTree = "<group>";
		};
		BB59C0B52CB6F8F5000DBC0F /* Feed Presentation */ = {
			isa = PBXGroup;
			children = (
				BB9320942CB19AA600CFB232 /* FeedLocalizationTests.swift */,
				BB59C0B82CB6F931000DBC0F /* FeedPresenterTests.swift */,
				BB59C0D02CB714B7000DBC0F /* FeedImagePresenterTests.swift */,
			);
			path = "Feed Presentation";
			sourceTree = "<group>";
		};
		BB59C0BF2CB70BE7000DBC0F /* Feed Presentation */ = {
			isa = PBXGroup;
			children = (
				BB59C0C02CB70BF0000DBC0F /* FeedPresenter.swift */,
				BB59C0C22CB70C06000DBC0F /* FeedView.swift */,
				BB59C0C42CB70C24000DBC0F /* FeedViewMode.swift */,
				BB59C0C62CB70C36000DBC0F /* FeedLoadingView.swift */,
				BB59C0C82CB70C42000DBC0F /* FeedLoadingViewModel.swift */,
				BB59C0CA2CB70C4E000DBC0F /* FeedErrorView.swift */,
				BB59C0CC2CB70C59000DBC0F /* FeedErrorViewModel.swift */,
				BB59C0BA2CB709B1000DBC0F /* Feed.strings */,
				BB59C0D22CB721E0000DBC0F /* FeedImagePresenter.swift */,
				BB59C0D42CB72214000DBC0F /* FeedImageLoadingView.swift */,
				BB59C0D62CB72221000DBC0F /* FeedImageLoadingViewModel.swift */,
			);
			path = "Feed Presentation";
			sourceTree = "<group>";
		};
		BB8442482CBEF47D00F80735 /* Helpers */ = {
			isa = PBXGroup;
			children = (
				BB8442492CBEF48400F80735 /* HTTPURLResponse+Extensions.swift */,
			);
			path = Helpers;
			sourceTree = "<group>";
		};
		BB900C0A2CA4AA33005A4567 /* EssentialFeediOS */ = {
			isa = PBXGroup;
			children = (
				BBB96B922CA82FD300EB20C0 /* Feed UI */,
				BB900C0B2CA4AA33005A4567 /* EssentialFeediOS.h */,
			);
			path = EssentialFeediOS;
			sourceTree = "<group>";
		};
		BB900C212CA4AC94005A4567 /* EssentialFeediOSTests */ = {
			isa = PBXGroup;
			children = (
				BBB96B952CA8301100EB20C0 /* Feed UI */,
			);
			path = EssentialFeediOSTests;
			sourceTree = "<group>";
		};
		BB900C252CA5DDE2005A4567 /* Frameworks */ = {
			isa = PBXGroup;
			children = (
			);
			name = Frameworks;
			sourceTree = "<group>";
		};
		BBB516F12C936CF600A080BF /* Feed Cache */ = {
			isa = PBXGroup;
			children = (
				BBC21F7D2C9F48F0005901E8 /* FeedStoreSpecs */,
				BBB517062C98CD7400A080BF /* Helpers */,
				BBB516F22C936D0C00A080BF /* CacheFeedUseCaseTests.swift */,
				BBB517042C98CCF200A080BF /* LoadFromCacheUseCaseTests.swift */,
				BBA383162C9A0B5000725349 /* ValidateFeedCacheUseCaseTests.swift */,
				BBC21F7E2C9F4918005901E8 /* CoreDataFeedStoreTests.swift */,
				BB84424D2CC049A000F80735 /* LoadFeedImageDataFromCacheUseCaseTests.swift */,
				BB3F81FB2CC1A1D700BC2F05 /* CacheFeedImageDataUseCaseTests.swift */,
				BB27487F2CC3036200CCA574 /* CoreDataFeedImageDataStoreTests.swift */,
			);
			path = "Feed Cache";
			sourceTree = "<group>";
		};
		BBB516F42C93819C00A080BF /* Feed Cache */ = {
			isa = PBXGroup;
			children = (
				BBC21F802C9F4AC7005901E8 /* Infrastrucure */,
				BBB516F52C9381C200A080BF /* FeedStore.swift */,
				BBB516F72C938EFB00A080BF /* LocalFeedLoader.swift */,
				BBB516FB2C94D38900A080BF /* LocalFeedImage.swift */,
				BBA3831E2C9B6CDA00725349 /* FeedCachePolicy.swift */,
				BB3F81F52CC19AAE00BC2F05 /* LocalFeedImageDataLoader.swift */,
				BB3F81F72CC19AD200BC2F05 /* FeedImageDataStore.swift */,
				BB37E2E42CC4545000A25B8D /* FeedImageDataCache.swift */,
			);
			path = "Feed Cache";
			sourceTree = "<group>";
		};
		BBB517062C98CD7400A080BF /* Helpers */ = {
			isa = PBXGroup;
			children = (
				BBB517072C98CD7B00A080BF /* FeedStoreSpy.swift */,
				BBA383142C99FCA100725349 /* FeedCache+TestHelpers.swift */,
				BB900BE42CA1FC8A005A4567 /* NSManagedObjectContext+Stub.swift */,
				BB900BE62CA20331005A4567 /* NSManagedObjectContext+Helpers.swift */,
				BB900BE82CA2042E005A4567 /* NSEntityDescription+Assertions.swift */,
				BB3F81F92CC1A10B00BC2F05 /* FeedImageDataStoreSpy.swift */,
			);
			path = Helpers;
			sourceTree = "<group>";
		};
		BBB96B922CA82FD300EB20C0 /* Feed UI */ = {
			isa = PBXGroup;
			children = (
				BBB96BA62CA851CB00EB20C0 /* Composers */,
				BBB96B932CA82FDF00EB20C0 /* Controllers */,
				BBB96B942CA82FE800EB20C0 /* Views */,
			);
			path = "Feed UI";
			sourceTree = "<group>";
		};
		BBB96B932CA82FDF00EB20C0 /* Controllers */ = {
			isa = PBXGroup;
			children = (
				BB900C2C2CA60273005A4567 /* FeedViewController.swift */,
				BBB96BA42CA84AD900EB20C0 /* FeedImageCellController.swift */,
			);
			path = Controllers;
			sourceTree = "<group>";
		};
		BBB96B942CA82FE800EB20C0 /* Views */ = {
			isa = PBXGroup;
			children = (
				BBB96B8C2CA800E900EB20C0 /* UIView+Shimmering.swift */,
				BB9320882CB1718500CFB232 /* UITableView+Extensions.swift */,
				BB900C2E2CA73738005A4567 /* FeedImageCell.swift */,
				BB9320842CB1595D00CFB232 /* Feed.storyboard */,
				BB93208A2CB1724500CFB232 /* UIImageView+Extensions.swift */,
				BBCD9A592CB5CA25004AA9E8 /* ErrorView.swift */,
			);
			path = Views;
			sourceTree = "<group>";
		};
		BBB96B952CA8301100EB20C0 /* Feed UI */ = {
			isa = PBXGroup;
			children = (
				BBB96B972CA8302200EB20C0 /* Helpers */,
				BB900C232CA5DA9A005A4567 /* FeedUIIntegrationTests.swift */,
			);
			path = "Feed UI";
			sourceTree = "<group>";
		};
		BBB96B972CA8302200EB20C0 /* Helpers */ = {
			isa = PBXGroup;
			children = (
				BBB96B982CA8305700EB20C0 /* UIImage+Extensions.swift */,
				BBB96B9A2CA8307300EB20C0 /* FeedImageCell+Extensions.swift */,
				BBB96B9C2CA830AB00EB20C0 /* FeedViewController+Extensions.swift */,
				BBB96B9E2CA830EA00EB20C0 /* UIButton+Extensions.swift */,
				BBCD9A5D2CB5D15E004AA9E8 /* UIControl+Extensions.swift */,
				BBB96BA02CA830FE00EB20C0 /* UIRefreshControl+Extensions.swift */,
				BB9320902CB1919A00CFB232 /* FeedUIIntegrationTests+Localization.swift */,
			);
			path = Helpers;
			sourceTree = "<group>";
		};
		BBB96BA62CA851CB00EB20C0 /* Composers */ = {
			isa = PBXGroup;
			children = (
				BBB96BA72CA851DF00EB20C0 /* FeedUIComposer.swift */,
				BB9320962CB1F01000CFB232 /* MainQueueDispatchDecorator.swift */,
				BB9320982CB1F04F00CFB232 /* WeakRefVirtualProxy.swift */,
				BB93209A2CB1F08C00CFB232 /* FeedLoadingPresentationAdapter.swift */,
				BB93209C2CB1F0C700CFB232 /* FeedImageLoadingPresentationAdapter.swift */,
				BB93209E2CB1F10200CFB232 /* FeedViewAdapter.swift */,
			);
			path = Composers;
			sourceTree = "<group>";
		};
		BBBEEF642C8F8F12000663ED /* Helpers */ = {
			isa = PBXGroup;
			children = (
				BBBEEF672C8F8F70000663ED /* XCTestCase+MemoryLeakTracking.swift */,
				BBB517092C98CFEF00A080BF /* SharedTestHelpers.swift */,
			);
			path = Helpers;
			sourceTree = "<group>";
		};
		BBBEEF852C90B91A000663ED /* xctestplans */ = {
			isa = PBXGroup;
			children = (
				BBBEEF862C90B94C000663ED /* EssentialFeed.xctestplan */,
				BBBEEF972C90C4CA000663ED /* EssentialFeedAPIEndToEndTests.xctestplan */,
				BBBEEF962C90C46C000663ED /* CI_iOS.xctestplan */,
				BB990A172CC41B57001D6530 /* CI_macOS.xctestplan */,
				BBC21F9E2CA06B71005901E8 /* EssentialFeedCacheIntegrationTests.xctestplan */,
				BB900C1E2CA4AA6C005A4567 /* EssentialFeediOS.xctestplan */,
			);
			path = xctestplans;
			sourceTree = "<group>";
		};
		BBBEEF8C2C90BB08000663ED /* EssentialFeedAPIEndToEndTests */ = {
			isa = PBXGroup;
			children = (
				BBBEEF8D2C90BB08000663ED /* EssentialFeedAPIEndToEndTests.swift */,
			);
			path = EssentialFeedAPIEndToEndTests;
			sourceTree = "<group>";
		};
		BBC21F7D2C9F48F0005901E8 /* FeedStoreSpecs */ = {
			isa = PBXGroup;
			children = (
				BBC21F732C9F2B73005901E8 /* FeedStoreSpecs.swift */,
				BBC21F752C9F2C6E005901E8 /* XCTestCase+FeedStoreSpecs.swift */,
				BBC21F772C9F34E7005901E8 /* XCTestCase+FailableRetrieveFeedStoreSpecs.swift */,
				BBC21F792C9F360E005901E8 /* XCTestCase+FailableInsertFeedStoreSpecs.swift */,
				BBC21F7B2C9F36EA005901E8 /* XCTestCase+FailableDeleteFeedStoreSpecs.swift */,
			);
			path = FeedStoreSpecs;
			sourceTree = "<group>";
		};
		BBC21F802C9F4AC7005901E8 /* Infrastrucure */ = {
			isa = PBXGroup;
			children = (
				BBC21F822C9F4ADE005901E8 /* CoreData */,
			);
			path = Infrastrucure;
			sourceTree = "<group>";
		};
		BBC21F822C9F4ADE005901E8 /* CoreData */ = {
			isa = PBXGroup;
			children = (
				BBC21F832C9F4AEC005901E8 /* CoreDataFeedStore.swift */,
				BBC21F852C9F4B1F005901E8 /* CoreDataHelpers.swift */,
				BBC21F872C9F4BA5005901E8 /* ManagedCache.swift */,
				BBC21F892C9F4BDC005901E8 /* ManagerFeedImage.swift */,
				BBC21F8B2C9F4DFD005901E8 /* FeedStore.xcdatamodeld */,
				BB99094A2CC3C387001D6530 /* CoreDataFeedStore+FeedImageDataLoader.swift */,
				BB99094C2CC3CDA8001D6530 /* CoreDataFeedStore+FeedStore.swift */,
			);
			path = CoreData;
			sourceTree = "<group>";
		};
		BBC21FA92CA06CA0005901E8 /* EssentialFeedCacheIntegrationTests */ = {
			isa = PBXGroup;
			children = (
				BBC21FAA2CA06CA0005901E8 /* EssentialFeedCacheIntegrationTests.swift */,
			);
			path = EssentialFeedCacheIntegrationTests;
			sourceTree = "<group>";
		};
		BBDDD72A2C8B90B200D6EF3F = {
			isa = PBXGroup;
			children = (
				BBBEEF852C90B91A000663ED /* xctestplans */,
				BBDDD7362C8B90B200D6EF3F /* EssentialFeed */,
				BBDDD7512C8B91F000D6EF3F /* EssentialFeedTests */,
				BBBEEF8C2C90BB08000663ED /* EssentialFeedAPIEndToEndTests */,
				BBC21FA92CA06CA0005901E8 /* EssentialFeedCacheIntegrationTests */,
				BB900C0A2CA4AA33005A4567 /* EssentialFeediOS */,
				BB900C212CA4AC94005A4567 /* EssentialFeediOSTests */,
				BBDDD7352C8B90B200D6EF3F /* Products */,
				BB900C252CA5DDE2005A4567 /* Frameworks */,
			);
			sourceTree = "<group>";
		};
		BBDDD7352C8B90B200D6EF3F /* Products */ = {
			isa = PBXGroup;
			children = (
				BBDDD7342C8B90B200D6EF3F /* EssentialFeed.framework */,
				BBDDD7502C8B91F000D6EF3F /* EssentialFeedTests.xctest */,
				BBBEEF8B2C90BB08000663ED /* EssentialFeedAPIEndToEndTests.xctest */,
				BBC21FA82CA06CA0005901E8 /* EssentialFeedCacheIntegrationTests.xctest */,
				BB900C092CA4AA33005A4567 /* EssentialFeediOS.framework */,
				BB900C102CA4AA34005A4567 /* EssentialFeediOSTests.xctest */,
			);
			name = Products;
			sourceTree = "<group>";
		};
		BBDDD7362C8B90B200D6EF3F /* EssentialFeed */ = {
			isa = PBXGroup;
			children = (
				BB59C0BF2CB70BE7000DBC0F /* Feed Presentation */,
				BBB516F42C93819C00A080BF /* Feed Cache */,
				BBDDD7952C8CA59500D6EF3F /* Feed API */,
				BBDDD78E2C8C90A700D6EF3F /* Feed Feature */,
				BBDDD7372C8B90B200D6EF3F /* EssentialFeed.h */,
			);
			path = EssentialFeed;
			sourceTree = "<group>";
		};
		BBDDD7512C8B91F000D6EF3F /* EssentialFeedTests */ = {
			isa = PBXGroup;
			children = (
				BBBEEF642C8F8F12000663ED /* Helpers */,
				BB59C0B52CB6F8F5000DBC0F /* Feed Presentation */,
				BBB516F12C936CF600A080BF /* Feed Cache */,
				BBF35D9C2C8E3052006AEC65 /* Feed API */,
				BBDDD7522C8B91F000D6EF3F /* EssentialFeedTests.swift */,
			);
			path = EssentialFeedTests;
			sourceTree = "<group>";
		};
		BBDDD78E2C8C90A700D6EF3F /* Feed Feature */ = {
			isa = PBXGroup;
			children = (
				BBDDD7912C8C90D900D6EF3F /* FeedItem.swift */,
				BBDDD78F2C8C90B400D6EF3F /* FeedLoader.swift */,
				BBB96B902CA82FB700EB20C0 /* FeedImageDataLoader.swift */,
				BB37E2A92CC442A600A25B8D /* FeedCache.swift */,
			);
			path = "Feed Feature";
			sourceTree = "<group>";
		};
		BBDDD7952C8CA59500D6EF3F /* Feed API */ = {
			isa = PBXGroup;
			children = (
				BB8442482CBEF47D00F80735 /* Helpers */,
				BBF35D7B2C8DD3F5006AEC65 /* RemoteFeedImagesMapper.swift */,
				BBDDD7962C8CA59D00D6EF3F /* RemoteFeedLoader.swift */,
				BBDDD7982C8CA5B000D6EF3F /* HTTPClient.swift */,
				BBBEEF692C8FA213000663ED /* URLSessionHTTPClient.swift */,
				BBB516F92C94D37500A080BF /* RemoteFeedImage.swift */,
				BB5250DC2CBEEEA800FFBBBA /* RemoteFeedImageDataLoader.swift */,
			);
			path = "Feed API";
			sourceTree = "<group>";
		};
		BBF35D9C2C8E3052006AEC65 /* Feed API */ = {
			isa = PBXGroup;
			children = (
				BB5250D92CBEEE1600FFBBBA /* Helpers */,
				BBF11CE52C8F6E03009A97E2 /* URLSessionHTTPClientTests.swift */,
				BBDDD7932C8C912400D6EF3F /* LoadFeedFromRemoteUseCaseTests.swift */,
				BB745FD12CB869080032D014 /* LoadFeedImageDataFromRemoteUseCaseTests.swift */,
			);
			path = "Feed API";
			sourceTree = "<group>";
		};
/* End PBXGroup section */

/* Begin PBXHeadersBuildPhase section */
		BB900C042CA4AA33005A4567 /* Headers */ = {
			isa = PBXHeadersBuildPhase;
			buildActionMask = 2147483647;
			files = (
				BB900C172CA4AA34005A4567 /* EssentialFeediOS.h in Headers */,
			);
			runOnlyForDeploymentPostprocessing = 0;
		};
		BBDDD72F2C8B90B200D6EF3F /* Headers */ = {
			isa = PBXHeadersBuildPhase;
			buildActionMask = 2147483647;
			files = (
				BBDDD7432C8B90B200D6EF3F /* EssentialFeed.h in Headers */,
			);
			runOnlyForDeploymentPostprocessing = 0;
		};
/* End PBXHeadersBuildPhase section */

/* Begin PBXNativeTarget section */
		BB900C082CA4AA33005A4567 /* EssentialFeediOS */ = {
			isa = PBXNativeTarget;
			buildConfigurationList = BB900C182CA4AA34005A4567 /* Build configuration list for PBXNativeTarget "EssentialFeediOS" */;
			buildPhases = (
				BB900C042CA4AA33005A4567 /* Headers */,
				BB900C052CA4AA33005A4567 /* Sources */,
				BB900C062CA4AA33005A4567 /* Frameworks */,
				BB900C072CA4AA33005A4567 /* Resources */,
				BB900C2A2CA5DDE2005A4567 /* Embed Frameworks */,
			);
			buildRules = (
			);
			dependencies = (
				BB900C292CA5DDE2005A4567 /* PBXTargetDependency */,
			);
			name = EssentialFeediOS;
			productName = EssentialFeediOS;
			productReference = BB900C092CA4AA33005A4567 /* EssentialFeediOS.framework */;
			productType = "com.apple.product-type.framework";
		};
		BB900C0F2CA4AA34005A4567 /* EssentialFeediOSTests */ = {
			isa = PBXNativeTarget;
			buildConfigurationList = BB900C1B2CA4AA34005A4567 /* Build configuration list for PBXNativeTarget "EssentialFeediOSTests" */;
			buildPhases = (
				BB900C0C2CA4AA34005A4567 /* Sources */,
				BB900C0D2CA4AA34005A4567 /* Frameworks */,
				BB900C0E2CA4AA34005A4567 /* Resources */,
			);
			buildRules = (
			);
			dependencies = (
				BB900C132CA4AA34005A4567 /* PBXTargetDependency */,
			);
			name = EssentialFeediOSTests;
			productName = EssentialFeediOSTests;
			productReference = BB900C102CA4AA34005A4567 /* EssentialFeediOSTests.xctest */;
			productType = "com.apple.product-type.bundle.unit-test";
		};
		BBBEEF8A2C90BB08000663ED /* EssentialFeedAPIEndToEndTests */ = {
			isa = PBXNativeTarget;
			buildConfigurationList = BBBEEF922C90BB08000663ED /* Build configuration list for PBXNativeTarget "EssentialFeedAPIEndToEndTests" */;
			buildPhases = (
				BBBEEF872C90BB08000663ED /* Sources */,
				BBBEEF882C90BB08000663ED /* Frameworks */,
				BBBEEF892C90BB08000663ED /* Resources */,
			);
			buildRules = (
			);
			dependencies = (
				BBBEEF912C90BB08000663ED /* PBXTargetDependency */,
			);
			name = EssentialFeedAPIEndToEndTests;
			productName = EssentialFeedAPIEndToEndTests;
			productReference = BBBEEF8B2C90BB08000663ED /* EssentialFeedAPIEndToEndTests.xctest */;
			productType = "com.apple.product-type.bundle.unit-test";
		};
		BBC21FA72CA06CA0005901E8 /* EssentialFeedCacheIntegrationTests */ = {
			isa = PBXNativeTarget;
			buildConfigurationList = BBC21FAF2CA06CA1005901E8 /* Build configuration list for PBXNativeTarget "EssentialFeedCacheIntegrationTests" */;
			buildPhases = (
				BBC21FA42CA06CA0005901E8 /* Sources */,
				BBC21FA52CA06CA0005901E8 /* Frameworks */,
				BBC21FA62CA06CA0005901E8 /* Resources */,
			);
			buildRules = (
			);
			dependencies = (
				BBC21FAE2CA06CA1005901E8 /* PBXTargetDependency */,
			);
			name = EssentialFeedCacheIntegrationTests;
			productName = EssentialFeedCacheIntegrationTests;
			productReference = BBC21FA82CA06CA0005901E8 /* EssentialFeedCacheIntegrationTests.xctest */;
			productType = "com.apple.product-type.bundle.unit-test";
		};
		BBDDD7332C8B90B200D6EF3F /* EssentialFeed */ = {
			isa = PBXNativeTarget;
			buildConfigurationList = BBDDD7462C8B90B200D6EF3F /* Build configuration list for PBXNativeTarget "EssentialFeed" */;
			buildPhases = (
				BBDDD72F2C8B90B200D6EF3F /* Headers */,
				BBDDD75B2C8B933000D6EF3F /* .swiftlint */,
				BBDDD7302C8B90B200D6EF3F /* Sources */,
				BBDDD7312C8B90B200D6EF3F /* Frameworks */,
				BBDDD7322C8B90B200D6EF3F /* Resources */,
			);
			buildRules = (
			);
			dependencies = (
			);
			name = EssentialFeed;
			productName = EssentialFeed;
			productReference = BBDDD7342C8B90B200D6EF3F /* EssentialFeed.framework */;
			productType = "com.apple.product-type.framework";
		};
		BBDDD74F2C8B91F000D6EF3F /* EssentialFeedTests */ = {
			isa = PBXNativeTarget;
			buildConfigurationList = BBDDD7572C8B91F000D6EF3F /* Build configuration list for PBXNativeTarget "EssentialFeedTests" */;
			buildPhases = (
				BBDDD74C2C8B91F000D6EF3F /* Sources */,
				BBDDD74D2C8B91F000D6EF3F /* Frameworks */,
				BBDDD74E2C8B91F000D6EF3F /* Resources */,
			);
			buildRules = (
			);
			dependencies = (
				BBDDD7562C8B91F000D6EF3F /* PBXTargetDependency */,
			);
			name = EssentialFeedTests;
			productName = EssentialFeedTests;
			productReference = BBDDD7502C8B91F000D6EF3F /* EssentialFeedTests.xctest */;
			productType = "com.apple.product-type.bundle.unit-test";
		};
/* End PBXNativeTarget section */

/* Begin PBXProject section */
		BBDDD72B2C8B90B200D6EF3F /* Project object */ = {
			isa = PBXProject;
			attributes = {
				BuildIndependentTargetsInParallel = 1;
				LastSwiftUpdateCheck = 1530;
				LastUpgradeCheck = 1600;
				TargetAttributes = {
					BB900C082CA4AA33005A4567 = {
						CreatedOnToolsVersion = 15.3;
						LastSwiftMigration = 1530;
					};
					BB900C0F2CA4AA34005A4567 = {
						CreatedOnToolsVersion = 15.3;
					};
					BBBEEF8A2C90BB08000663ED = {
						CreatedOnToolsVersion = 15.3;
					};
					BBC21FA72CA06CA0005901E8 = {
						CreatedOnToolsVersion = 15.3;
					};
					BBDDD7332C8B90B200D6EF3F = {
						CreatedOnToolsVersion = 15.3;
						LastSwiftMigration = 1530;
					};
					BBDDD74F2C8B91F000D6EF3F = {
						CreatedOnToolsVersion = 15.3;
					};
				};
			};
			buildConfigurationList = BBDDD72E2C8B90B200D6EF3F /* Build configuration list for PBXProject "EssentialFeed" */;
			compatibilityVersion = "Xcode 14.0";
			developmentRegion = en;
			hasScannedForEncodings = 0;
			knownRegions = (
				en,
				Base,
				"pt-BR",
			);
			mainGroup = BBDDD72A2C8B90B200D6EF3F;
			productRefGroup = BBDDD7352C8B90B200D6EF3F /* Products */;
			projectDirPath = "";
			projectRoot = "";
			targets = (
				BBDDD7332C8B90B200D6EF3F /* EssentialFeed */,
				BBDDD74F2C8B91F000D6EF3F /* EssentialFeedTests */,
				BBBEEF8A2C90BB08000663ED /* EssentialFeedAPIEndToEndTests */,
				BBC21FA72CA06CA0005901E8 /* EssentialFeedCacheIntegrationTests */,
				BB900C082CA4AA33005A4567 /* EssentialFeediOS */,
				BB900C0F2CA4AA34005A4567 /* EssentialFeediOSTests */,
			);
		};
/* End PBXProject section */

/* Begin PBXResourcesBuildPhase section */
		BB900C072CA4AA33005A4567 /* Resources */ = {
			isa = PBXResourcesBuildPhase;
			buildActionMask = 2147483647;
			files = (
				BB9320852CB1595D00CFB232 /* Feed.storyboard in Resources */,
			);
			runOnlyForDeploymentPostprocessing = 0;
		};
		BB900C0E2CA4AA34005A4567 /* Resources */ = {
			isa = PBXResourcesBuildPhase;
			buildActionMask = 2147483647;
			files = (
			);
			runOnlyForDeploymentPostprocessing = 0;
		};
		BBBEEF892C90BB08000663ED /* Resources */ = {
			isa = PBXResourcesBuildPhase;
			buildActionMask = 2147483647;
			files = (
			);
			runOnlyForDeploymentPostprocessing = 0;
		};
		BBC21FA62CA06CA0005901E8 /* Resources */ = {
			isa = PBXResourcesBuildPhase;
			buildActionMask = 2147483647;
			files = (
			);
			runOnlyForDeploymentPostprocessing = 0;
		};
		BBDDD7322C8B90B200D6EF3F /* Resources */ = {
			isa = PBXResourcesBuildPhase;
			buildActionMask = 2147483647;
			files = (
				BB59C0CE2CB70CFC000DBC0F /* Feed.strings in Resources */,
				BB990A182CC41B57001D6530 /* CI_macOS.xctestplan in Resources */,
			);
			runOnlyForDeploymentPostprocessing = 0;
		};
		BBDDD74E2C8B91F000D6EF3F /* Resources */ = {
			isa = PBXResourcesBuildPhase;
			buildActionMask = 2147483647;
			files = (
			);
			runOnlyForDeploymentPostprocessing = 0;
		};
/* End PBXResourcesBuildPhase section */

/* Begin PBXShellScriptBuildPhase section */
		BBDDD75B2C8B933000D6EF3F /* .swiftlint */ = {
			isa = PBXShellScriptBuildPhase;
			alwaysOutOfDate = 1;
			buildActionMask = 2147483647;
			files = (
			);
			inputFileListPaths = (
			);
			inputPaths = (
			);
			name = .swiftlint;
			outputFileListPaths = (
			);
			outputPaths = (
			);
			runOnlyForDeploymentPostprocessing = 0;
			shellPath = /bin/sh;
			shellScript = "export PATH=\"$PATH:/opt/homebrew/bin\"\n\nif which swiftlint >/dev/null; then\n  swiftlint autocorrect --format\nelse\n  echo \"warning: SwiftLint not installed, download from https://github.com/realm/SwiftLint\"\nfi\n";
		};
/* End PBXShellScriptBuildPhase section */

/* Begin PBXSourcesBuildPhase section */
		BB900C052CA4AA33005A4567 /* Sources */ = {
			isa = PBXSourcesBuildPhase;
			buildActionMask = 2147483647;
			files = (
				BB93208B2CB1724500CFB232 /* UIImageView+Extensions.swift in Sources */,
				BBCD9A5A2CB5CA25004AA9E8 /* ErrorView.swift in Sources */,
				BBB96B8D2CA800E900EB20C0 /* UIView+Shimmering.swift in Sources */,
				BB93209D2CB1F0C700CFB232 /* FeedImageLoadingPresentationAdapter.swift in Sources */,
				BB900C2D2CA60273005A4567 /* FeedViewController.swift in Sources */,
				BB9320992CB1F04F00CFB232 /* WeakRefVirtualProxy.swift in Sources */,
				BB9320972CB1F01000CFB232 /* MainQueueDispatchDecorator.swift in Sources */,
				BB9320892CB1718500CFB232 /* UITableView+Extensions.swift in Sources */,
				BB900C2F2CA73738005A4567 /* FeedImageCell.swift in Sources */,
				BBB96BA52CA84AD900EB20C0 /* FeedImageCellController.swift in Sources */,
				BB93209B2CB1F08C00CFB232 /* FeedLoadingPresentationAdapter.swift in Sources */,
				BB93209F2CB1F10200CFB232 /* FeedViewAdapter.swift in Sources */,
				BBB96BA82CA851DF00EB20C0 /* FeedUIComposer.swift in Sources */,
			);
			runOnlyForDeploymentPostprocessing = 0;
		};
		BB900C0C2CA4AA34005A4567 /* Sources */ = {
			isa = PBXSourcesBuildPhase;
			buildActionMask = 2147483647;
			files = (
				BBB96B9D2CA830AB00EB20C0 /* FeedViewController+Extensions.swift in Sources */,
				BBB96B9F2CA830EA00EB20C0 /* UIButton+Extensions.swift in Sources */,
				BBB96B9B2CA8307300EB20C0 /* FeedImageCell+Extensions.swift in Sources */,
				BB900C242CA5DA9A005A4567 /* FeedUIIntegrationTests.swift in Sources */,
				BB900C2B2CA5E076005A4567 /* XCTestCase+MemoryLeakTracking.swift in Sources */,
				BB9320912CB1919A00CFB232 /* FeedUIIntegrationTests+Localization.swift in Sources */,
				BBB96B8B2CA741E300EB20C0 /* SharedTestHelpers.swift in Sources */,
				BBCD9A5E2CB5D15E004AA9E8 /* UIControl+Extensions.swift in Sources */,
				BBB96B992CA8305700EB20C0 /* UIImage+Extensions.swift in Sources */,
				BBB96BA12CA830FE00EB20C0 /* UIRefreshControl+Extensions.swift in Sources */,
			);
			runOnlyForDeploymentPostprocessing = 0;
		};
		BBBEEF872C90BB08000663ED /* Sources */ = {
			isa = PBXSourcesBuildPhase;
			buildActionMask = 2147483647;
			files = (
				BBBEEF8E2C90BB08000663ED /* EssentialFeedAPIEndToEndTests.swift in Sources */,
				BBBEEF952C90C3DD000663ED /* XCTestCase+MemoryLeakTracking.swift in Sources */,
			);
			runOnlyForDeploymentPostprocessing = 0;
		};
		BBC21FA42CA06CA0005901E8 /* Sources */ = {
			isa = PBXSourcesBuildPhase;
			buildActionMask = 2147483647;
			files = (
				BBC21FB42CA06FC5005901E8 /* SharedTestHelpers.swift in Sources */,
				BBC21FB32CA06F9C005901E8 /* FeedCache+TestHelpers.swift in Sources */,
				BBC21FAB2CA06CA0005901E8 /* EssentialFeedCacheIntegrationTests.swift in Sources */,
				BBC21FB22CA06E49005901E8 /* XCTestCase+MemoryLeakTracking.swift in Sources */,
			);
			runOnlyForDeploymentPostprocessing = 0;
		};
		BBDDD7302C8B90B200D6EF3F /* Sources */ = {
			isa = PBXSourcesBuildPhase;
			buildActionMask = 2147483647;
			files = (
				BBC21F882C9F4BA5005901E8 /* ManagedCache.swift in Sources */,
				BBF35D7C2C8DD3F5006AEC65 /* RemoteFeedImagesMapper.swift in Sources */,
				BBDDD7922C8C90D900D6EF3F /* FeedItem.swift in Sources */,
				BB745FCE2CB854220032D014 /* FeedImageDataLoader.swift in Sources */,
				BBC21F8A2C9F4BDC005901E8 /* ManagerFeedImage.swift in Sources */,
				BBB516FA2C94D37600A080BF /* RemoteFeedImage.swift in Sources */,
				BBA3831F2C9B6CDA00725349 /* FeedCachePolicy.swift in Sources */,
				BBC21F8D2C9F4DFD005901E8 /* FeedStore.xcdatamodeld in Sources */,
				BB37E2AA2CC442A600A25B8D /* FeedCache.swift in Sources */,
				BB59C0C92CB70C42000DBC0F /* FeedLoadingViewModel.swift in Sources */,
				BBDDD7972C8CA59D00D6EF3F /* RemoteFeedLoader.swift in Sources */,
				BB59C0D52CB72214000DBC0F /* FeedImageLoadingView.swift in Sources */,
				BB99094D2CC3CDA8001D6530 /* CoreDataFeedStore+FeedStore.swift in Sources */,
				BBB516FC2C94D38900A080BF /* LocalFeedImage.swift in Sources */,
				BB59C0D32CB721E0000DBC0F /* FeedImagePresenter.swift in Sources */,
				BBDDD7992C8CA5B000D6EF3F /* HTTPClient.swift in Sources */,
				BB59C0CD2CB70C59000DBC0F /* FeedErrorViewModel.swift in Sources */,
				BB3F81F82CC19AD200BC2F05 /* FeedImageDataStore.swift in Sources */,
				BB59C0C32CB70C06000DBC0F /* FeedView.swift in Sources */,
				BBB516F62C9381C200A080BF /* FeedStore.swift in Sources */,
				BBDDD7902C8C90B400D6EF3F /* FeedLoader.swift in Sources */,
				BB59C0C72CB70C36000DBC0F /* FeedLoadingView.swift in Sources */,
				BB59C0CB2CB70C4E000DBC0F /* FeedErrorView.swift in Sources */,
				BB84424A2CBEF48400F80735 /* HTTPURLResponse+Extensions.swift in Sources */,
				BB59C0D72CB72221000DBC0F /* FeedImageLoadingViewModel.swift in Sources */,
				BB59C0C12CB70BF0000DBC0F /* FeedPresenter.swift in Sources */,
				BBC21F862C9F4B1F005901E8 /* CoreDataHelpers.swift in Sources */,
				BB3F81F62CC19AAE00BC2F05 /* LocalFeedImageDataLoader.swift in Sources */,
				BB59C0C52CB70C24000DBC0F /* FeedViewMode.swift in Sources */,
				BBB516F82C938EFB00A080BF /* LocalFeedLoader.swift in Sources */,
				BBBEEF6A2C8FA213000663ED /* URLSessionHTTPClient.swift in Sources */,
				BB99094B2CC3C387001D6530 /* CoreDataFeedStore+FeedImageDataLoader.swift in Sources */,
				BB37E2E52CC4545000A25B8D /* FeedImageDataCache.swift in Sources */,
				BB5250DD2CBEEEA800FFBBBA /* RemoteFeedImageDataLoader.swift in Sources */,
				BBC21F842C9F4AEC005901E8 /* CoreDataFeedStore.swift in Sources */,
			);
			runOnlyForDeploymentPostprocessing = 0;
		};
		BBDDD74C2C8B91F000D6EF3F /* Sources */ = {
			isa = PBXSourcesBuildPhase;
			buildActionMask = 2147483647;
			files = (
				BB59C0D12CB714B7000DBC0F /* FeedImagePresenterTests.swift in Sources */,
				BBC21F762C9F2C6E005901E8 /* XCTestCase+FeedStoreSpecs.swift in Sources */,
				BBA383172C9A0B5000725349 /* ValidateFeedCacheUseCaseTests.swift in Sources */,
				BBC21F7F2C9F4918005901E8 /* CoreDataFeedStoreTests.swift in Sources */,
				BBC21F782C9F34E7005901E8 /* XCTestCase+FailableRetrieveFeedStoreSpecs.swift in Sources */,
				BB900BE52CA1FC8A005A4567 /* NSManagedObjectContext+Stub.swift in Sources */,
				BBDDD7942C8C912400D6EF3F /* LoadFeedFromRemoteUseCaseTests.swift in Sources */,
				BBF11CE62C8F6E03009A97E2 /* URLSessionHTTPClientTests.swift in Sources */,
				BB900BE92CA2042E005A4567 /* NSEntityDescription+Assertions.swift in Sources */,
				BBDDD7532C8B91F000D6EF3F /* EssentialFeedTests.swift in Sources */,
				BB84424E2CC049A000F80735 /* LoadFeedImageDataFromCacheUseCaseTests.swift in Sources */,
				BBB516F32C936D0C00A080BF /* CacheFeedUseCaseTests.swift in Sources */,
				BB2748802CC3036200CCA574 /* CoreDataFeedImageDataStoreTests.swift in Sources */,
				BB59C0B92CB6F931000DBC0F /* FeedPresenterTests.swift in Sources */,
				BB3F81FA2CC1A10B00BC2F05 /* FeedImageDataStoreSpy.swift in Sources */,
				BB59C0CF2CB70E12000DBC0F /* FeedLocalizationTests.swift in Sources */,
				BB900BE72CA20331005A4567 /* NSManagedObjectContext+Helpers.swift in Sources */,
				BB3F81FC2CC1A1D700BC2F05 /* CacheFeedImageDataUseCaseTests.swift in Sources */,
				BBB517082C98CD7B00A080BF /* FeedStoreSpy.swift in Sources */,
				BBA383152C99FCA100725349 /* FeedCache+TestHelpers.swift in Sources */,
				BBB517052C98CCF200A080BF /* LoadFromCacheUseCaseTests.swift in Sources */,
				BBBEEF682C8F8F70000663ED /* XCTestCase+MemoryLeakTracking.swift in Sources */,
				BBC21F7C2C9F36EA005901E8 /* XCTestCase+FailableDeleteFeedStoreSpecs.swift in Sources */,
				BB84424C2CBEF50C00F80735 /* URLProtocolStub.swift in Sources */,
				BBC21F742C9F2B73005901E8 /* FeedStoreSpecs.swift in Sources */,
				BBB5170A2C98CFEF00A080BF /* SharedTestHelpers.swift in Sources */,
				BB5250DB2CBEEE1F00FFBBBA /* HTTPClientSpy.swift in Sources */,
				BBC21F7A2C9F360E005901E8 /* XCTestCase+FailableInsertFeedStoreSpecs.swift in Sources */,
				BB745FD22CB869080032D014 /* LoadFeedImageDataFromRemoteUseCaseTests.swift in Sources */,
			);
			runOnlyForDeploymentPostprocessing = 0;
		};
/* End PBXSourcesBuildPhase section */

/* Begin PBXTargetDependency section */
		BB900C132CA4AA34005A4567 /* PBXTargetDependency */ = {
			isa = PBXTargetDependency;
			target = BB900C082CA4AA33005A4567 /* EssentialFeediOS */;
			targetProxy = BB900C122CA4AA34005A4567 /* PBXContainerItemProxy */;
		};
		BB900C292CA5DDE2005A4567 /* PBXTargetDependency */ = {
			isa = PBXTargetDependency;
			platformFilter = ios;
			target = BBDDD7332C8B90B200D6EF3F /* EssentialFeed */;
			targetProxy = BB900C282CA5DDE2005A4567 /* PBXContainerItemProxy */;
		};
		BBBEEF912C90BB08000663ED /* PBXTargetDependency */ = {
			isa = PBXTargetDependency;
			target = BBDDD7332C8B90B200D6EF3F /* EssentialFeed */;
			targetProxy = BBBEEF902C90BB08000663ED /* PBXContainerItemProxy */;
		};
		BBC21FAE2CA06CA1005901E8 /* PBXTargetDependency */ = {
			isa = PBXTargetDependency;
			target = BBDDD7332C8B90B200D6EF3F /* EssentialFeed */;
			targetProxy = BBC21FAD2CA06CA1005901E8 /* PBXContainerItemProxy */;
		};
		BBDDD7562C8B91F000D6EF3F /* PBXTargetDependency */ = {
			isa = PBXTargetDependency;
			target = BBDDD7332C8B90B200D6EF3F /* EssentialFeed */;
			targetProxy = BBDDD7552C8B91F000D6EF3F /* PBXContainerItemProxy */;
		};
/* End PBXTargetDependency section */

/* Begin PBXVariantGroup section */
		BB59C0BA2CB709B1000DBC0F /* Feed.strings */ = {
			isa = PBXVariantGroup;
			children = (
				BB59C0BB2CB709B1000DBC0F /* en */,
				BB59C0BD2CB709B6000DBC0F /* pt-BR */,
			);
			name = Feed.strings;
			sourceTree = "<group>";
		};
/* End PBXVariantGroup section */

/* Begin XCBuildConfiguration section */
		BB900C192CA4AA34005A4567 /* Debug */ = {
			isa = XCBuildConfiguration;
			buildSettings = {
				BUILD_LIBRARY_FOR_DISTRIBUTION = YES;
				CLANG_ENABLE_MODULES = YES;
				CODE_SIGN_IDENTITY = "";
				CODE_SIGN_STYLE = Automatic;
				CURRENT_PROJECT_VERSION = 1;
				DEFINES_MODULE = YES;
				DEVELOPMENT_TEAM = KN3UG3D7KC;
				DYLIB_COMPATIBILITY_VERSION = 1;
				DYLIB_CURRENT_VERSION = 1;
				DYLIB_INSTALL_NAME_BASE = "@rpath";
				ENABLE_MODULE_VERIFIER = NO;
				ENABLE_USER_SCRIPT_SANDBOXING = YES;
				GENERATE_INFOPLIST_FILE = YES;
				INFOPLIST_KEY_NSHumanReadableCopyright = "";
				INSTALL_PATH = "$(LOCAL_LIBRARY_DIR)/Frameworks";
				IPHONEOS_DEPLOYMENT_TARGET = 17.4;
				LD_RUNPATH_SEARCH_PATHS = (
					"$(inherited)",
					"@executable_path/Frameworks",
					"@loader_path/Frameworks",
				);
				MARKETING_VERSION = 1.0;
				MODULE_VERIFIER_SUPPORTED_LANGUAGES = "objective-c objective-c++";
				MODULE_VERIFIER_SUPPORTED_LANGUAGE_STANDARDS = "gnu17 gnu++20";
				PRODUCT_BUNDLE_IDENTIFIER = EssentialProject.Rerun1.EssentialFeediOS;
				PRODUCT_NAME = "$(TARGET_NAME:c99extidentifier)";
				SDKROOT = iphoneos;
				SKIP_INSTALL = YES;
				SWIFT_EMIT_LOC_STRINGS = YES;
				SWIFT_INSTALL_OBJC_HEADER = NO;
				SWIFT_OPTIMIZATION_LEVEL = "-Onone";
				SWIFT_VERSION = 5.0;
				TARGETED_DEVICE_FAMILY = "1,2";
			};
			name = Debug;
		};
		BB900C1A2CA4AA34005A4567 /* Release */ = {
			isa = XCBuildConfiguration;
			buildSettings = {
				BUILD_LIBRARY_FOR_DISTRIBUTION = YES;
				CLANG_ENABLE_MODULES = YES;
				CODE_SIGN_IDENTITY = "";
				CODE_SIGN_STYLE = Automatic;
				CURRENT_PROJECT_VERSION = 1;
				DEFINES_MODULE = YES;
				DEVELOPMENT_TEAM = KN3UG3D7KC;
				DYLIB_COMPATIBILITY_VERSION = 1;
				DYLIB_CURRENT_VERSION = 1;
				DYLIB_INSTALL_NAME_BASE = "@rpath";
				ENABLE_MODULE_VERIFIER = YES;
				ENABLE_USER_SCRIPT_SANDBOXING = YES;
				GENERATE_INFOPLIST_FILE = YES;
				INFOPLIST_KEY_NSHumanReadableCopyright = "";
				INSTALL_PATH = "$(LOCAL_LIBRARY_DIR)/Frameworks";
				IPHONEOS_DEPLOYMENT_TARGET = 17.4;
				LD_RUNPATH_SEARCH_PATHS = (
					"$(inherited)",
					"@executable_path/Frameworks",
					"@loader_path/Frameworks",
				);
				MARKETING_VERSION = 1.0;
				MODULE_VERIFIER_SUPPORTED_LANGUAGES = "objective-c objective-c++";
				MODULE_VERIFIER_SUPPORTED_LANGUAGE_STANDARDS = "gnu17 gnu++20";
				PRODUCT_BUNDLE_IDENTIFIER = EssentialProject.Rerun1.EssentialFeediOS;
				PRODUCT_NAME = "$(TARGET_NAME:c99extidentifier)";
				SDKROOT = iphoneos;
				SKIP_INSTALL = YES;
				SWIFT_EMIT_LOC_STRINGS = YES;
				SWIFT_INSTALL_OBJC_HEADER = NO;
				SWIFT_VERSION = 5.0;
				TARGETED_DEVICE_FAMILY = "1,2";
				VALIDATE_PRODUCT = YES;
			};
			name = Release;
		};
		BB900C1C2CA4AA34005A4567 /* Debug */ = {
			isa = XCBuildConfiguration;
			buildSettings = {
				CODE_SIGN_STYLE = Automatic;
				CURRENT_PROJECT_VERSION = 1;
				DEVELOPMENT_TEAM = KN3UG3D7KC;
				ENABLE_USER_SCRIPT_SANDBOXING = YES;
				GENERATE_INFOPLIST_FILE = YES;
				IPHONEOS_DEPLOYMENT_TARGET = 17.4;
				MARKETING_VERSION = 1.0;
				PRODUCT_BUNDLE_IDENTIFIER = EssentialProject.Rerun1.EssentialFeediOSTests;
				PRODUCT_NAME = "$(TARGET_NAME)";
				SDKROOT = iphoneos;
				SWIFT_EMIT_LOC_STRINGS = NO;
				SWIFT_VERSION = 5.0;
				TARGETED_DEVICE_FAMILY = "1,2";
			};
			name = Debug;
		};
		BB900C1D2CA4AA34005A4567 /* Release */ = {
			isa = XCBuildConfiguration;
			buildSettings = {
				CODE_SIGN_STYLE = Automatic;
				CURRENT_PROJECT_VERSION = 1;
				DEVELOPMENT_TEAM = KN3UG3D7KC;
				ENABLE_USER_SCRIPT_SANDBOXING = YES;
				GENERATE_INFOPLIST_FILE = YES;
				IPHONEOS_DEPLOYMENT_TARGET = 17.4;
				MARKETING_VERSION = 1.0;
				PRODUCT_BUNDLE_IDENTIFIER = EssentialProject.Rerun1.EssentialFeediOSTests;
				PRODUCT_NAME = "$(TARGET_NAME)";
				SDKROOT = iphoneos;
				SWIFT_EMIT_LOC_STRINGS = NO;
				SWIFT_VERSION = 5.0;
				TARGETED_DEVICE_FAMILY = "1,2";
				VALIDATE_PRODUCT = YES;
			};
			name = Release;
		};
		BBBEEF932C90BB08000663ED /* Debug */ = {
			isa = XCBuildConfiguration;
			buildSettings = {
				CODE_SIGN_STYLE = Automatic;
				CURRENT_PROJECT_VERSION = 1;
				DEAD_CODE_STRIPPING = YES;
				DEVELOPMENT_TEAM = KN3UG3D7KC;
				ENABLE_USER_SCRIPT_SANDBOXING = YES;
				GENERATE_INFOPLIST_FILE = YES;
				MACOSX_DEPLOYMENT_TARGET = 14.1;
				MARKETING_VERSION = 1.0;
				PRODUCT_BUNDLE_IDENTIFIER = EssentialProject.Rerun1.EssentialFeedAPIEndToEndTests;
				PRODUCT_NAME = "$(TARGET_NAME)";
				SUPPORTED_PLATFORMS = "macosx iphoneos iphonesimulator";
				SWIFT_EMIT_LOC_STRINGS = NO;
				SWIFT_VERSION = 5.0;
			};
			name = Debug;
		};
		BBBEEF942C90BB08000663ED /* Release */ = {
			isa = XCBuildConfiguration;
			buildSettings = {
				CODE_SIGN_STYLE = Automatic;
				CURRENT_PROJECT_VERSION = 1;
				DEAD_CODE_STRIPPING = YES;
				DEVELOPMENT_TEAM = KN3UG3D7KC;
				ENABLE_USER_SCRIPT_SANDBOXING = YES;
				GENERATE_INFOPLIST_FILE = YES;
				MACOSX_DEPLOYMENT_TARGET = 14.1;
				MARKETING_VERSION = 1.0;
				PRODUCT_BUNDLE_IDENTIFIER = EssentialProject.Rerun1.EssentialFeedAPIEndToEndTests;
				PRODUCT_NAME = "$(TARGET_NAME)";
				SUPPORTED_PLATFORMS = "macosx iphoneos iphonesimulator";
				SWIFT_EMIT_LOC_STRINGS = NO;
				SWIFT_VERSION = 5.0;
			};
			name = Release;
		};
		BBC21FB02CA06CA1005901E8 /* Debug */ = {
			isa = XCBuildConfiguration;
			buildSettings = {
				CODE_SIGN_STYLE = Automatic;
				CURRENT_PROJECT_VERSION = 1;
				DEAD_CODE_STRIPPING = YES;
				DEVELOPMENT_TEAM = KN3UG3D7KC;
				ENABLE_USER_SCRIPT_SANDBOXING = YES;
				GENERATE_INFOPLIST_FILE = YES;
				MACOSX_DEPLOYMENT_TARGET = 14.1;
				MARKETING_VERSION = 1.0;
				PRODUCT_BUNDLE_IDENTIFIER = EssentialProject.Rerun1.EssentialFeedCacheIntegrationTests;
				PRODUCT_NAME = "$(TARGET_NAME)";
				SUPPORTED_PLATFORMS = "macosx iphoneos iphonesimulator";
				SWIFT_EMIT_LOC_STRINGS = NO;
				SWIFT_VERSION = 5.0;
			};
			name = Debug;
		};
		BBC21FB12CA06CA1005901E8 /* Release */ = {
			isa = XCBuildConfiguration;
			buildSettings = {
				CODE_SIGN_STYLE = Automatic;
				CURRENT_PROJECT_VERSION = 1;
				DEAD_CODE_STRIPPING = YES;
				DEVELOPMENT_TEAM = KN3UG3D7KC;
				ENABLE_USER_SCRIPT_SANDBOXING = YES;
				GENERATE_INFOPLIST_FILE = YES;
				MACOSX_DEPLOYMENT_TARGET = 14.1;
				MARKETING_VERSION = 1.0;
				PRODUCT_BUNDLE_IDENTIFIER = EssentialProject.Rerun1.EssentialFeedCacheIntegrationTests;
				PRODUCT_NAME = "$(TARGET_NAME)";
				SUPPORTED_PLATFORMS = "macosx iphoneos iphonesimulator";
				SWIFT_EMIT_LOC_STRINGS = NO;
				SWIFT_VERSION = 5.0;
			};
			name = Release;
		};
		BBDDD7442C8B90B200D6EF3F /* Debug */ = {
			isa = XCBuildConfiguration;
			buildSettings = {
				ALWAYS_SEARCH_USER_PATHS = NO;
				ASSETCATALOG_COMPILER_GENERATE_SWIFT_ASSET_SYMBOL_EXTENSIONS = YES;
				CLANG_ANALYZER_LOCALIZABILITY_NONLOCALIZED = YES;
				CLANG_ANALYZER_NONNULL = YES;
				CLANG_ANALYZER_NUMBER_OBJECT_CONVERSION = YES_AGGRESSIVE;
				CLANG_CXX_LANGUAGE_STANDARD = "gnu++20";
				CLANG_ENABLE_MODULES = YES;
				CLANG_ENABLE_OBJC_ARC = YES;
				CLANG_ENABLE_OBJC_WEAK = YES;
				CLANG_WARN_BLOCK_CAPTURE_AUTORELEASING = YES;
				CLANG_WARN_BOOL_CONVERSION = YES;
				CLANG_WARN_COMMA = YES;
				CLANG_WARN_CONSTANT_CONVERSION = YES;
				CLANG_WARN_DEPRECATED_OBJC_IMPLEMENTATIONS = YES;
				CLANG_WARN_DIRECT_OBJC_ISA_USAGE = YES_ERROR;
				CLANG_WARN_DOCUMENTATION_COMMENTS = YES;
				CLANG_WARN_EMPTY_BODY = YES;
				CLANG_WARN_ENUM_CONVERSION = YES;
				CLANG_WARN_INFINITE_RECURSION = YES;
				CLANG_WARN_INT_CONVERSION = YES;
				CLANG_WARN_NON_LITERAL_NULL_CONVERSION = YES;
				CLANG_WARN_OBJC_IMPLICIT_RETAIN_SELF = YES;
				CLANG_WARN_OBJC_LITERAL_CONVERSION = YES;
				CLANG_WARN_OBJC_ROOT_CLASS = YES_ERROR;
				CLANG_WARN_QUOTED_INCLUDE_IN_FRAMEWORK_HEADER = YES;
				CLANG_WARN_RANGE_LOOP_ANALYSIS = YES;
				CLANG_WARN_STRICT_PROTOTYPES = YES;
				CLANG_WARN_SUSPICIOUS_MOVE = YES;
				CLANG_WARN_UNGUARDED_AVAILABILITY = YES_AGGRESSIVE;
				CLANG_WARN_UNREACHABLE_CODE = YES;
				CLANG_WARN__DUPLICATE_METHOD_MATCH = YES;
				COPY_PHASE_STRIP = NO;
				CURRENT_PROJECT_VERSION = 1;
				DEAD_CODE_STRIPPING = YES;
				DEBUG_INFORMATION_FORMAT = dwarf;
				ENABLE_STRICT_OBJC_MSGSEND = YES;
				ENABLE_TESTABILITY = YES;
				ENABLE_USER_SCRIPT_SANDBOXING = NO;
				GCC_C_LANGUAGE_STANDARD = gnu17;
				GCC_DYNAMIC_NO_PIC = NO;
				GCC_NO_COMMON_BLOCKS = YES;
				GCC_OPTIMIZATION_LEVEL = 0;
				GCC_PREPROCESSOR_DEFINITIONS = (
					"DEBUG=1",
					"$(inherited)",
				);
				GCC_WARN_64_TO_32_BIT_CONVERSION = YES;
				GCC_WARN_ABOUT_RETURN_TYPE = YES_ERROR;
				GCC_WARN_UNDECLARED_SELECTOR = YES;
				GCC_WARN_UNINITIALIZED_AUTOS = YES_AGGRESSIVE;
				GCC_WARN_UNUSED_FUNCTION = YES;
				GCC_WARN_UNUSED_VARIABLE = YES;
				LOCALIZATION_PREFERS_STRING_CATALOGS = YES;
				MACOSX_DEPLOYMENT_TARGET = 14.4;
				MTL_ENABLE_DEBUG_INFO = INCLUDE_SOURCE;
				MTL_FAST_MATH = YES;
				ONLY_ACTIVE_ARCH = YES;
				SDKROOT = macosx;
				SWIFT_ACTIVE_COMPILATION_CONDITIONS = "DEBUG $(inherited)";
				SWIFT_OPTIMIZATION_LEVEL = "-Onone";
				VERSIONING_SYSTEM = "apple-generic";
				VERSION_INFO_PREFIX = "";
			};
			name = Debug;
		};
		BBDDD7452C8B90B200D6EF3F /* Release */ = {
			isa = XCBuildConfiguration;
			buildSettings = {
				ALWAYS_SEARCH_USER_PATHS = NO;
				ASSETCATALOG_COMPILER_GENERATE_SWIFT_ASSET_SYMBOL_EXTENSIONS = YES;
				CLANG_ANALYZER_LOCALIZABILITY_NONLOCALIZED = YES;
				CLANG_ANALYZER_NONNULL = YES;
				CLANG_ANALYZER_NUMBER_OBJECT_CONVERSION = YES_AGGRESSIVE;
				CLANG_CXX_LANGUAGE_STANDARD = "gnu++20";
				CLANG_ENABLE_MODULES = YES;
				CLANG_ENABLE_OBJC_ARC = YES;
				CLANG_ENABLE_OBJC_WEAK = YES;
				CLANG_WARN_BLOCK_CAPTURE_AUTORELEASING = YES;
				CLANG_WARN_BOOL_CONVERSION = YES;
				CLANG_WARN_COMMA = YES;
				CLANG_WARN_CONSTANT_CONVERSION = YES;
				CLANG_WARN_DEPRECATED_OBJC_IMPLEMENTATIONS = YES;
				CLANG_WARN_DIRECT_OBJC_ISA_USAGE = YES_ERROR;
				CLANG_WARN_DOCUMENTATION_COMMENTS = YES;
				CLANG_WARN_EMPTY_BODY = YES;
				CLANG_WARN_ENUM_CONVERSION = YES;
				CLANG_WARN_INFINITE_RECURSION = YES;
				CLANG_WARN_INT_CONVERSION = YES;
				CLANG_WARN_NON_LITERAL_NULL_CONVERSION = YES;
				CLANG_WARN_OBJC_IMPLICIT_RETAIN_SELF = YES;
				CLANG_WARN_OBJC_LITERAL_CONVERSION = YES;
				CLANG_WARN_OBJC_ROOT_CLASS = YES_ERROR;
				CLANG_WARN_QUOTED_INCLUDE_IN_FRAMEWORK_HEADER = YES;
				CLANG_WARN_RANGE_LOOP_ANALYSIS = YES;
				CLANG_WARN_STRICT_PROTOTYPES = YES;
				CLANG_WARN_SUSPICIOUS_MOVE = YES;
				CLANG_WARN_UNGUARDED_AVAILABILITY = YES_AGGRESSIVE;
				CLANG_WARN_UNREACHABLE_CODE = YES;
				CLANG_WARN__DUPLICATE_METHOD_MATCH = YES;
				COPY_PHASE_STRIP = NO;
				CURRENT_PROJECT_VERSION = 1;
				DEAD_CODE_STRIPPING = YES;
				DEBUG_INFORMATION_FORMAT = "dwarf-with-dsym";
				ENABLE_NS_ASSERTIONS = NO;
				ENABLE_STRICT_OBJC_MSGSEND = YES;
				ENABLE_USER_SCRIPT_SANDBOXING = NO;
				GCC_C_LANGUAGE_STANDARD = gnu17;
				GCC_NO_COMMON_BLOCKS = YES;
				GCC_WARN_64_TO_32_BIT_CONVERSION = YES;
				GCC_WARN_ABOUT_RETURN_TYPE = YES_ERROR;
				GCC_WARN_UNDECLARED_SELECTOR = YES;
				GCC_WARN_UNINITIALIZED_AUTOS = YES_AGGRESSIVE;
				GCC_WARN_UNUSED_FUNCTION = YES;
				GCC_WARN_UNUSED_VARIABLE = YES;
				LOCALIZATION_PREFERS_STRING_CATALOGS = YES;
				MACOSX_DEPLOYMENT_TARGET = 14.4;
				MTL_ENABLE_DEBUG_INFO = NO;
				MTL_FAST_MATH = YES;
				SDKROOT = macosx;
				SWIFT_COMPILATION_MODE = wholemodule;
				VERSIONING_SYSTEM = "apple-generic";
				VERSION_INFO_PREFIX = "";
			};
			name = Release;
		};
		BBDDD7472C8B90B200D6EF3F /* Debug */ = {
			isa = XCBuildConfiguration;
			buildSettings = {
				BUILD_LIBRARY_FOR_DISTRIBUTION = YES;
				CLANG_ENABLE_MODULES = YES;
				CODE_SIGN_IDENTITY = "";
				CODE_SIGN_STYLE = Automatic;
				COMBINE_HIDPI_IMAGES = YES;
				CURRENT_PROJECT_VERSION = 1;
				DEAD_CODE_STRIPPING = YES;
				DEFINES_MODULE = YES;
				DEVELOPMENT_TEAM = KN3UG3D7KC;
				DYLIB_COMPATIBILITY_VERSION = 1;
				DYLIB_CURRENT_VERSION = 1;
				DYLIB_INSTALL_NAME_BASE = "@rpath";
				ENABLE_MODULE_VERIFIER = NO;
				ENABLE_USER_SCRIPT_SANDBOXING = NO;
				GENERATE_INFOPLIST_FILE = YES;
				INFOPLIST_KEY_NSHumanReadableCopyright = "";
				INSTALL_PATH = "$(LOCAL_LIBRARY_DIR)/Frameworks";
				LD_RUNPATH_SEARCH_PATHS = (
					"$(inherited)",
					"@executable_path/../Frameworks",
					"@loader_path/Frameworks",
				);
				MACOSX_DEPLOYMENT_TARGET = 14.0;
				MARKETING_VERSION = 1.0;
				MODULE_VERIFIER_SUPPORTED_LANGUAGES = "objective-c objective-c++";
				MODULE_VERIFIER_SUPPORTED_LANGUAGE_STANDARDS = "gnu17 gnu++20";
				PRODUCT_BUNDLE_IDENTIFIER = EssentialProject.Rerun1.EssentialFeed;
				PRODUCT_NAME = "$(TARGET_NAME:c99extidentifier)";
				SKIP_INSTALL = YES;
				SUPPORTED_PLATFORMS = "macosx iphoneos iphonesimulator";
				SWIFT_EMIT_LOC_STRINGS = YES;
				SWIFT_INSTALL_OBJC_HEADER = NO;
				SWIFT_OPTIMIZATION_LEVEL = "-Onone";
				SWIFT_VERSION = 5.0;
			};
			name = Debug;
		};
		BBDDD7482C8B90B200D6EF3F /* Release */ = {
			isa = XCBuildConfiguration;
			buildSettings = {
				BUILD_LIBRARY_FOR_DISTRIBUTION = YES;
				CLANG_ENABLE_MODULES = YES;
				CODE_SIGN_IDENTITY = "";
				CODE_SIGN_STYLE = Automatic;
				COMBINE_HIDPI_IMAGES = YES;
				CURRENT_PROJECT_VERSION = 1;
				DEAD_CODE_STRIPPING = YES;
				DEFINES_MODULE = YES;
				DEVELOPMENT_TEAM = KN3UG3D7KC;
				DYLIB_COMPATIBILITY_VERSION = 1;
				DYLIB_CURRENT_VERSION = 1;
				DYLIB_INSTALL_NAME_BASE = "@rpath";
				ENABLE_MODULE_VERIFIER = YES;
				ENABLE_USER_SCRIPT_SANDBOXING = NO;
				GENERATE_INFOPLIST_FILE = YES;
				INFOPLIST_KEY_NSHumanReadableCopyright = "";
				INSTALL_PATH = "$(LOCAL_LIBRARY_DIR)/Frameworks";
				LD_RUNPATH_SEARCH_PATHS = (
					"$(inherited)",
					"@executable_path/../Frameworks",
					"@loader_path/Frameworks",
				);
				MACOSX_DEPLOYMENT_TARGET = 14.0;
				MARKETING_VERSION = 1.0;
				MODULE_VERIFIER_SUPPORTED_LANGUAGES = "objective-c objective-c++";
				MODULE_VERIFIER_SUPPORTED_LANGUAGE_STANDARDS = "gnu17 gnu++20";
				PRODUCT_BUNDLE_IDENTIFIER = EssentialProject.Rerun1.EssentialFeed;
				PRODUCT_NAME = "$(TARGET_NAME:c99extidentifier)";
				SKIP_INSTALL = YES;
				SUPPORTED_PLATFORMS = "macosx iphoneos iphonesimulator";
				SWIFT_EMIT_LOC_STRINGS = YES;
				SWIFT_INSTALL_OBJC_HEADER = NO;
				SWIFT_VERSION = 5.0;
			};
			name = Release;
		};
		BBDDD7582C8B91F000D6EF3F /* Debug */ = {
			isa = XCBuildConfiguration;
			buildSettings = {
				CODE_SIGN_STYLE = Automatic;
				CURRENT_PROJECT_VERSION = 1;
				DEAD_CODE_STRIPPING = YES;
				DEVELOPMENT_TEAM = KN3UG3D7KC;
				ENABLE_USER_SCRIPT_SANDBOXING = NO;
				GENERATE_INFOPLIST_FILE = YES;
				MACOSX_DEPLOYMENT_TARGET = 14.0;
				MARKETING_VERSION = 1.0;
				PRODUCT_BUNDLE_IDENTIFIER = EssentialProject.Rerun1.EssentialFeedTests;
				PRODUCT_NAME = "$(TARGET_NAME)";
				SUPPORTED_PLATFORMS = "macosx iphoneos iphonesimulator";
				SWIFT_EMIT_LOC_STRINGS = NO;
				SWIFT_VERSION = 5.0;
			};
			name = Debug;
		};
		BBDDD7592C8B91F000D6EF3F /* Release */ = {
			isa = XCBuildConfiguration;
			buildSettings = {
				CODE_SIGN_STYLE = Automatic;
				CURRENT_PROJECT_VERSION = 1;
				DEAD_CODE_STRIPPING = YES;
				DEVELOPMENT_TEAM = KN3UG3D7KC;
				ENABLE_USER_SCRIPT_SANDBOXING = NO;
				GENERATE_INFOPLIST_FILE = YES;
				MACOSX_DEPLOYMENT_TARGET = 14.0;
				MARKETING_VERSION = 1.0;
				PRODUCT_BUNDLE_IDENTIFIER = EssentialProject.Rerun1.EssentialFeedTests;
				PRODUCT_NAME = "$(TARGET_NAME)";
				SUPPORTED_PLATFORMS = "macosx iphoneos iphonesimulator";
				SWIFT_EMIT_LOC_STRINGS = NO;
				SWIFT_VERSION = 5.0;
			};
			name = Release;
		};
/* End XCBuildConfiguration section */

/* Begin XCConfigurationList section */
		BB900C182CA4AA34005A4567 /* Build configuration list for PBXNativeTarget "EssentialFeediOS" */ = {
			isa = XCConfigurationList;
			buildConfigurations = (
				BB900C192CA4AA34005A4567 /* Debug */,
				BB900C1A2CA4AA34005A4567 /* Release */,
			);
			defaultConfigurationIsVisible = 0;
			defaultConfigurationName = Release;
		};
		BB900C1B2CA4AA34005A4567 /* Build configuration list for PBXNativeTarget "EssentialFeediOSTests" */ = {
			isa = XCConfigurationList;
			buildConfigurations = (
				BB900C1C2CA4AA34005A4567 /* Debug */,
				BB900C1D2CA4AA34005A4567 /* Release */,
			);
			defaultConfigurationIsVisible = 0;
			defaultConfigurationName = Release;
		};
		BBBEEF922C90BB08000663ED /* Build configuration list for PBXNativeTarget "EssentialFeedAPIEndToEndTests" */ = {
			isa = XCConfigurationList;
			buildConfigurations = (
				BBBEEF932C90BB08000663ED /* Debug */,
				BBBEEF942C90BB08000663ED /* Release */,
			);
			defaultConfigurationIsVisible = 0;
			defaultConfigurationName = Release;
		};
		BBC21FAF2CA06CA1005901E8 /* Build configuration list for PBXNativeTarget "EssentialFeedCacheIntegrationTests" */ = {
			isa = XCConfigurationList;
			buildConfigurations = (
				BBC21FB02CA06CA1005901E8 /* Debug */,
				BBC21FB12CA06CA1005901E8 /* Release */,
			);
			defaultConfigurationIsVisible = 0;
			defaultConfigurationName = Release;
		};
		BBDDD72E2C8B90B200D6EF3F /* Build configuration list for PBXProject "EssentialFeed" */ = {
			isa = XCConfigurationList;
			buildConfigurations = (
				BBDDD7442C8B90B200D6EF3F /* Debug */,
				BBDDD7452C8B90B200D6EF3F /* Release */,
			);
			defaultConfigurationIsVisible = 0;
			defaultConfigurationName = Release;
		};
		BBDDD7462C8B90B200D6EF3F /* Build configuration list for PBXNativeTarget "EssentialFeed" */ = {
			isa = XCConfigurationList;
			buildConfigurations = (
				BBDDD7472C8B90B200D6EF3F /* Debug */,
				BBDDD7482C8B90B200D6EF3F /* Release */,
			);
			defaultConfigurationIsVisible = 0;
			defaultConfigurationName = Release;
		};
		BBDDD7572C8B91F000D6EF3F /* Build configuration list for PBXNativeTarget "EssentialFeedTests" */ = {
			isa = XCConfigurationList;
			buildConfigurations = (
				BBDDD7582C8B91F000D6EF3F /* Debug */,
				BBDDD7592C8B91F000D6EF3F /* Release */,
			);
			defaultConfigurationIsVisible = 0;
			defaultConfigurationName = Release;
		};
/* End XCConfigurationList section */

/* Begin XCVersionGroup section */
		BBC21F8B2C9F4DFD005901E8 /* FeedStore.xcdatamodeld */ = {
			isa = XCVersionGroup;
			children = (
				BBC21F8C2C9F4DFD005901E8 /* FeedStore.xcdatamodel */,
			);
			currentVersion = BBC21F8C2C9F4DFD005901E8 /* FeedStore.xcdatamodel */;
			path = FeedStore.xcdatamodeld;
			sourceTree = "<group>";
			versionGroupType = wrapper.xcdatamodel;
		};
/* End XCVersionGroup section */
	};
	rootObject = BBDDD72B2C8B90B200D6EF3F /* Project object */;
}
